// !$*UTF8*$!
{
	archiveVersion = 1;
	classes = {
	};
	objectVersion = 56;
	objects = {

/* Begin PBXBuildFile section */
		9D2052F429CB590E006EBFDF /* ProjectViewModel.swift in Sources */ = {isa = PBXBuildFile; fileRef = 9D2052F329CB590E006EBFDF /* ProjectViewModel.swift */; };
		9D4D228729102713006E0075 /* AwesomeSwiftApp.swift in Sources */ = {isa = PBXBuildFile; fileRef = 9D4D228629102713006E0075 /* AwesomeSwiftApp.swift */; };
		9D4D228929102713006E0075 /* ContentView.swift in Sources */ = {isa = PBXBuildFile; fileRef = 9D4D228829102713006E0075 /* ContentView.swift */; };
		9D4D228B29102714006E0075 /* Assets.xcassets in Resources */ = {isa = PBXBuildFile; fileRef = 9D4D228A29102714006E0075 /* Assets.xcassets */; };
		9D4D228E29102714006E0075 /* Preview Assets.xcassets in Resources */ = {isa = PBXBuildFile; fileRef = 9D4D228D29102714006E0075 /* Preview Assets.xcassets */; };
		9D4D229329102714006E0075 /* AwesomeSwift.xcdatamodeld in Sources */ = {isa = PBXBuildFile; fileRef = 9D4D229129102714006E0075 /* AwesomeSwift.xcdatamodeld */; };
		9D4D229D29102714006E0075 /* AwesomeSwiftTests.swift in Sources */ = {isa = PBXBuildFile; fileRef = 9D4D229C29102714006E0075 /* AwesomeSwiftTests.swift */; };
		9D4D22A729102714006E0075 /* AwesomeSwiftUITests.swift in Sources */ = {isa = PBXBuildFile; fileRef = 9D4D22A629102714006E0075 /* AwesomeSwiftUITests.swift */; };
		9D4D22A929102714006E0075 /* AwesomeSwiftUITestsLaunchTests.swift in Sources */ = {isa = PBXBuildFile; fileRef = 9D4D22A829102714006E0075 /* AwesomeSwiftUITestsLaunchTests.swift */; };
		9D6436FB292C7CBA0074261A /* LottieView.swift in Sources */ = {isa = PBXBuildFile; fileRef = 9D6436FA292C7CBA0074261A /* LottieView.swift */; };
		9D6436FD292E51090074261A /* ThemeDemoView.swift in Sources */ = {isa = PBXBuildFile; fileRef = 9D6436FC292E51090074261A /* ThemeDemoView.swift */; };
		9D6436FF292E64EF0074261A /* AppInfoDemoView.swift in Sources */ = {isa = PBXBuildFile; fileRef = 9D6436FE292E64EF0074261A /* AppInfoDemoView.swift */; };
		9D643701292E6BF20074261A /* LaunchPhonePageDemo.swift in Sources */ = {isa = PBXBuildFile; fileRef = 9D643700292E6BF20074261A /* LaunchPhonePageDemo.swift */; };
		9D643703292E76980074261A /* MailView.swift in Sources */ = {isa = PBXBuildFile; fileRef = 9D643702292E76980074261A /* MailView.swift */; };
		9D643709292F638A0074261A /* thank_you.json in Resources */ = {isa = PBXBuildFile; fileRef = 9D643708292F638A0074261A /* thank_you.json */; };
		9D64370B292F8FC90074261A /* ShareDemoView.swift in Sources */ = {isa = PBXBuildFile; fileRef = 9D64370A292F8FC90074261A /* ShareDemoView.swift */; };
		9D64370D292F90510074261A /* EmailDemoView.swift in Sources */ = {isa = PBXBuildFile; fileRef = 9D64370C292F90510074261A /* EmailDemoView.swift */; };
		9D64370F292F978A0074261A /* Intents.intentdefinition in Sources */ = {isa = PBXBuildFile; fileRef = 9D64370E292F978A0074261A /* Intents.intentdefinition */; };
		9D6437112930BD510074261A /* ChangeIconDemoView.swift in Sources */ = {isa = PBXBuildFile; fileRef = 9D6437102930BD510074261A /* ChangeIconDemoView.swift */; };
		9D6437172930BEAE0074261A /* Calendar_120.png in Resources */ = {isa = PBXBuildFile; fileRef = 9D6437152930BEAE0074261A /* Calendar_120.png */; };
		9D6437182930BEAE0074261A /* Calendar_180.png in Resources */ = {isa = PBXBuildFile; fileRef = 9D6437162930BEAE0074261A /* Calendar_180.png */; };
		9D87B0A22934BD0D0072B307 /* GoogleService-Info.plist in Resources */ = {isa = PBXBuildFile; fileRef = 9D87B0A12934BD0C0072B307 /* GoogleService-Info.plist */; };
		9D87B0A52934C8270072B307 /* FirebaseCrashlytics in Frameworks */ = {isa = PBXBuildFile; productRef = 9D87B0A42934C8270072B307 /* FirebaseCrashlytics */; };
		9D87B0A92934D3860072B307 /* SqlLiteDemoView.swift in Sources */ = {isa = PBXBuildFile; fileRef = 9D87B0A82934D3860072B307 /* SqlLiteDemoView.swift */; };
		9D87B0AC2934D3D00072B307 /* TaskDataStore.swift in Sources */ = {isa = PBXBuildFile; fileRef = 9D87B0AB2934D3D00072B307 /* TaskDataStore.swift */; };
		9D87B0AE2934F6010072B307 /* ImagePickDemoView.swift in Sources */ = {isa = PBXBuildFile; fileRef = 9D87B0AD2934F6010072B307 /* ImagePickDemoView.swift */; };
		9D87B0B02934F6350072B307 /* ImagePicker.swift in Sources */ = {isa = PBXBuildFile; fileRef = 9D87B0AF2934F6350072B307 /* ImagePicker.swift */; };
		9D92EFE6293B185400061967 /* BlurView.swift in Sources */ = {isa = PBXBuildFile; fileRef = 9D92EFE3293B185400061967 /* BlurView.swift */; };
		9D92EFE7293B185400061967 /* AlertToast.swift in Sources */ = {isa = PBXBuildFile; fileRef = 9D92EFE4293B185400061967 /* AlertToast.swift */; };
		9D92EFE8293B185400061967 /* ActivityIndicator.swift in Sources */ = {isa = PBXBuildFile; fileRef = 9D92EFE5293B185400061967 /* ActivityIndicator.swift */; };
		9D92EFEA293B18A300061967 /* AlertDemoView.swift in Sources */ = {isa = PBXBuildFile; fileRef = 9D92EFE9293B18A300061967 /* AlertDemoView.swift */; };
		9D9D0AC12930C5F200605056 /* Swift_180.png in Resources */ = {isa = PBXBuildFile; fileRef = 9D9D0ABF2930C5F200605056 /* Swift_180.png */; };
		9D9D0AC22930C5F200605056 /* Swift_120.png in Resources */ = {isa = PBXBuildFile; fileRef = 9D9D0AC02930C5F200605056 /* Swift_120.png */; };
		9D9D0AC92930D7E300605056 /* WidgetKit.framework in Frameworks */ = {isa = PBXBuildFile; fileRef = 9D9D0AC82930D7E300605056 /* WidgetKit.framework */; };
		9D9D0ACB2930D7E300605056 /* SwiftUI.framework in Frameworks */ = {isa = PBXBuildFile; fileRef = 9D9D0ACA2930D7E300605056 /* SwiftUI.framework */; };
		9D9D0ACE2930D7E300605056 /* AwesomeWidget.swift in Sources */ = {isa = PBXBuildFile; fileRef = 9D9D0ACD2930D7E300605056 /* AwesomeWidget.swift */; };
		9D9D0AD12930D7E500605056 /* Assets.xcassets in Resources */ = {isa = PBXBuildFile; fileRef = 9D9D0AD02930D7E500605056 /* Assets.xcassets */; };
		9D9D0AD32930D7E500605056 /* AwesomeWidget.intentdefinition in Sources */ = {isa = PBXBuildFile; fileRef = 9D9D0ACF2930D7E300605056 /* AwesomeWidget.intentdefinition */; };
		9D9D0AD42930D7E500605056 /* AwesomeWidget.intentdefinition in Sources */ = {isa = PBXBuildFile; fileRef = 9D9D0ACF2930D7E300605056 /* AwesomeWidget.intentdefinition */; };
		9D9D0AD72930D7E500605056 /* AwesomeWidgetExtension.appex in Embed Foundation Extensions */ = {isa = PBXBuildFile; fileRef = 9D9D0AC72930D7E300605056 /* AwesomeWidgetExtension.appex */; settings = {ATTRIBUTES = (RemoveHeadersOnCopy, ); }; };
		9D9D0AE02932185A00605056 /* ClockWidget.swift in Sources */ = {isa = PBXBuildFile; fileRef = 9D9D0ADC2932172700605056 /* ClockWidget.swift */; };
		9D9D0AE12932186100605056 /* MainWidget.swift in Sources */ = {isa = PBXBuildFile; fileRef = 9D9D0ADE2932179000605056 /* MainWidget.swift */; };
		9D9D0AE42932238500605056 /* CountdownWidget.swift in Sources */ = {isa = PBXBuildFile; fileRef = 9D9D0AE22932231600605056 /* CountdownWidget.swift */; };
		9D9D0AE7293248BB00605056 /* TimerWidget.swift in Sources */ = {isa = PBXBuildFile; fileRef = 9D9D0AE5293248A200605056 /* TimerWidget.swift */; };
		9D9D0AE929335E7700605056 /* FileDemoView.swift in Sources */ = {isa = PBXBuildFile; fileRef = 9D9D0AE829335E7700605056 /* FileDemoView.swift */; };
		9DA60597291F4E2100EFFA1D /* PermissionDemoView.swift in Sources */ = {isa = PBXBuildFile; fileRef = 9DA60596291F4E2100EFFA1D /* PermissionDemoView.swift */; };
		9DA6059B291F4EE600EFFA1D /* ListSampleView.swift in Sources */ = {isa = PBXBuildFile; fileRef = 9DA6059A291F4EE600EFFA1D /* ListSampleView.swift */; };
		9DA6059D291F4F1300EFFA1D /* OptionListView.swift in Sources */ = {isa = PBXBuildFile; fileRef = 9DA6059C291F4F1300EFFA1D /* OptionListView.swift */; };
		9DA6059F291F516400EFFA1D /* SectionListView.swift in Sources */ = {isa = PBXBuildFile; fileRef = 9DA6059E291F516400EFFA1D /* SectionListView.swift */; };
		9DA605A1291FA10500EFFA1D /* StatusBarStyleEnvironment.swift in Sources */ = {isa = PBXBuildFile; fileRef = 9DA605A0291FA10500EFFA1D /* StatusBarStyleEnvironment.swift */; };
		9DA605A52920F17700EFFA1D /* AppPermisions.swift in Sources */ = {isa = PBXBuildFile; fileRef = 9DA605A42920F17700EFFA1D /* AppPermisions.swift */; };
		9DA605A82920F71100EFFA1D /* StorageDemoView.swift in Sources */ = {isa = PBXBuildFile; fileRef = 9DA605A72920F71100EFFA1D /* StorageDemoView.swift */; };
		9DA605AA2920F76400EFFA1D /* KV.swift in Sources */ = {isa = PBXBuildFile; fileRef = 9DA605A92920F76400EFFA1D /* KV.swift */; };
		9DA605AC2920FBF600EFFA1D /* AppInfoUtils.swift in Sources */ = {isa = PBXBuildFile; fileRef = 9DA605AB2920FBF600EFFA1D /* AppInfoUtils.swift */; };
		9DA605AE29213EC700EFFA1D /* SwipeListView.swift in Sources */ = {isa = PBXBuildFile; fileRef = 9DA605AD29213EC700EFFA1D /* SwipeListView.swift */; };
		9DB8A3892935C6A3003DAC4A /* DocumentPicker.swift in Sources */ = {isa = PBXBuildFile; fileRef = 9DB8A3882935C6A3003DAC4A /* DocumentPicker.swift */; };
		9DB8A38B2935C732003DAC4A /* DocumentPickerDemoView.swift in Sources */ = {isa = PBXBuildFile; fileRef = 9DB8A38A2935C732003DAC4A /* DocumentPickerDemoView.swift */; };
		9DB8A38E293660EA003DAC4A /* y1309.mp3 in Resources */ = {isa = PBXBuildFile; fileRef = 9DB8A38D293660EA003DAC4A /* y1309.mp3 */; };
		9DB8A39029366110003DAC4A /* AudioPlayDemoView.swift in Sources */ = {isa = PBXBuildFile; fileRef = 9DB8A38F29366110003DAC4A /* AudioPlayDemoView.swift */; };
		9DB8A3932937AB20003DAC4A /* VisionDemoView.swift in Sources */ = {isa = PBXBuildFile; fileRef = 9DB8A3922937AB20003DAC4A /* VisionDemoView.swift */; };
		9DB8A3952937ABCE003DAC4A /* DataScanner.swift in Sources */ = {isa = PBXBuildFile; fileRef = 9DB8A3942937ABCE003DAC4A /* DataScanner.swift */; };
		9DB8A3972937AED2003DAC4A /* ScannerDemoView.swift in Sources */ = {isa = PBXBuildFile; fileRef = 9DB8A3962937AED2003DAC4A /* ScannerDemoView.swift */; };
		9DB8A39929384773003DAC4A /* ScannerView.swift in Sources */ = {isa = PBXBuildFile; fileRef = 9DB8A39829384773003DAC4A /* ScannerView.swift */; };
		9DB8A39B293847A2003DAC4A /* TextRecognition.swift in Sources */ = {isa = PBXBuildFile; fileRef = 9DB8A39A293847A2003DAC4A /* TextRecognition.swift */; };
		9DB8A39D293847EC003DAC4A /* DocScanDemoView.swift in Sources */ = {isa = PBXBuildFile; fileRef = 9DB8A39C293847EC003DAC4A /* DocScanDemoView.swift */; };
		9DDD6905291A960B00E2CB69 /* Events.swift in Sources */ = {isa = PBXBuildFile; fileRef = 9DDD6904291A960B00E2CB69 /* Events.swift */; };
		9DDD6907291B897900E2CB69 /* KeyboardReadable.swift in Sources */ = {isa = PBXBuildFile; fileRef = 9DDD6906291B897900E2CB69 /* KeyboardReadable.swift */; };
		9DDD6909291BF36F00E2CB69 /* CustomPreference.swift in Sources */ = {isa = PBXBuildFile; fileRef = 9DDD6908291BF36F00E2CB69 /* CustomPreference.swift */; };
		9DDD690E291BFC1500E2CB69 /* EnvironmentDemoView.swift in Sources */ = {isa = PBXBuildFile; fileRef = 9DDD690D291BFC1500E2CB69 /* EnvironmentDemoView.swift */; };
		9DDD6910291BFD4F00E2CB69 /* KeyboardDemoView.swift in Sources */ = {isa = PBXBuildFile; fileRef = 9DDD690F291BFD4F00E2CB69 /* KeyboardDemoView.swift */; };
		9DDD6912291BFF5600E2CB69 /* KeyboardAwareDemo3.swift in Sources */ = {isa = PBXBuildFile; fileRef = 9DDD6911291BFF5600E2CB69 /* KeyboardAwareDemo3.swift */; };
		9DE65C532911495800804F13 /* ProjectList.swift in Sources */ = {isa = PBXBuildFile; fileRef = 9DE65C522911495800804F13 /* ProjectList.swift */; };
		9DE65C5529116DDF00804F13 /* Project.swift in Sources */ = {isa = PBXBuildFile; fileRef = 9DE65C5429116DDF00804F13 /* Project.swift */; };
		9DE65C5729116EDB00804F13 /* ProjectRow.swift in Sources */ = {isa = PBXBuildFile; fileRef = 9DE65C5629116EDB00804F13 /* ProjectRow.swift */; };
		9DE65C662912BD3200804F13 /* Localizable.strings in Resources */ = {isa = PBXBuildFile; fileRef = 9DE65C632912BD3200804F13 /* Localizable.strings */; };
		9DE65C682912C6A300804F13 /* WebView.swift in Sources */ = {isa = PBXBuildFile; fileRef = 9DE65C672912C6A300804F13 /* WebView.swift */; };
		9DE65C6B2912CB9200804F13 /* DateExtension.swift in Sources */ = {isa = PBXBuildFile; fileRef = 9DE65C6A2912CB9200804F13 /* DateExtension.swift */; };
		9DE65C6E29135B9400804F13 /* R.generated.swift in Sources */ = {isa = PBXBuildFile; fileRef = 9DE65C6D29135B9400804F13 /* R.generated.swift */; };
		9DE65C712913E6B300804F13 /* NotificationBannerView.swift in Sources */ = {isa = PBXBuildFile; fileRef = 9DE65C702913E6B300804F13 /* NotificationBannerView.swift */; };
		9DE65C7A291512FA00804F13 /* WhatsNewKit in Frameworks */ = {isa = PBXBuildFile; productRef = 9DE65C79291512FA00804F13 /* WhatsNewKit */; };
		9DE65C7C29156FDD00804F13 /* WhatsNewKitView.swift in Sources */ = {isa = PBXBuildFile; fileRef = 9DE65C7B29156FDD00804F13 /* WhatsNewKitView.swift */; };
		9DE65C7E2916056B00804F13 /* SegmentedViewDemo.swift in Sources */ = {isa = PBXBuildFile; fileRef = 9DE65C7D2916056B00804F13 /* SegmentedViewDemo.swift */; };
		9DE65C8B2916201100804F13 /* PullToRefreshViewDemo.swift in Sources */ = {isa = PBXBuildFile; fileRef = 9DE65C8A2916201100804F13 /* PullToRefreshViewDemo.swift */; };
		9DE65C9429162C7100804F13 /* TextDemoView.swift in Sources */ = {isa = PBXBuildFile; fileRef = 9DE65C9329162C7100804F13 /* TextDemoView.swift */; };
		9DE65C9829162D5700804F13 /* StyleExtension.swift in Sources */ = {isa = PBXBuildFile; fileRef = 9DE65C9729162D5700804F13 /* StyleExtension.swift */; };
		9DE65C9E29163F6F00804F13 /* LynnRefreshDefaultViews.swift in Sources */ = {isa = PBXBuildFile; fileRef = 9DE65C9A29163F6F00804F13 /* LynnRefreshDefaultViews.swift */; };
		9DE65C9F29163F6F00804F13 /* LynnRefreshState.swift in Sources */ = {isa = PBXBuildFile; fileRef = 9DE65C9B29163F6F00804F13 /* LynnRefreshState.swift */; };
		9DE65CA029163F6F00804F13 /* LynnPullToRefreshModifier.swift in Sources */ = {isa = PBXBuildFile; fileRef = 9DE65C9C29163F6F00804F13 /* LynnPullToRefreshModifier.swift */; };
		9DE65CA129163F6F00804F13 /* LynnPullToRefresh.swift in Sources */ = {isa = PBXBuildFile; fileRef = 9DE65C9D29163F6F00804F13 /* LynnPullToRefresh.swift */; };
		9DE65CB129164C1D00804F13 /* ButtonDemoView.swift in Sources */ = {isa = PBXBuildFile; fileRef = 9DE65CA329164C1C00804F13 /* ButtonDemoView.swift */; };
		9DE65CB229164C1D00804F13 /* TextFieldDemoView.swift in Sources */ = {isa = PBXBuildFile; fileRef = 9DE65CA429164C1C00804F13 /* TextFieldDemoView.swift */; };
		9DE65CB329164C1D00804F13 /* LayoutDemoView.swift in Sources */ = {isa = PBXBuildFile; fileRef = 9DE65CA529164C1C00804F13 /* LayoutDemoView.swift */; };
		9DE65CB429164C1D00804F13 /* AnimationDemoView.swift in Sources */ = {isa = PBXBuildFile; fileRef = 9DE65CA629164C1C00804F13 /* AnimationDemoView.swift */; };
		9DE65CB529164C1D00804F13 /* ImageDemoView.swift in Sources */ = {isa = PBXBuildFile; fileRef = 9DE65CA729164C1C00804F13 /* ImageDemoView.swift */; };
		9DE65CB629164C1D00804F13 /* PopupDemoView.swift in Sources */ = {isa = PBXBuildFile; fileRef = 9DE65CA829164C1D00804F13 /* PopupDemoView.swift */; };
		9DE65CB729164C1D00804F13 /* TabDemoView.swift in Sources */ = {isa = PBXBuildFile; fileRef = 9DE65CA929164C1D00804F13 /* TabDemoView.swift */; };
		9DE65CBC29164C1D00804F13 /* TabPageDemoView.swift in Sources */ = {isa = PBXBuildFile; fileRef = 9DE65CAF29164C1D00804F13 /* TabPageDemoView.swift */; };
		9DE65CBE291667BE00804F13 /* FormDemoView.swift in Sources */ = {isa = PBXBuildFile; fileRef = 9DE65CBD291667BE00804F13 /* FormDemoView.swift */; };
		9DE65CC02917E94D00804F13 /* ImmersiveView.swift in Sources */ = {isa = PBXBuildFile; fileRef = 9DE65CBF2917E94D00804F13 /* ImmersiveView.swift */; };
		9DE65CC22917F38800804F13 /* KeyboardAwareDemoView.swift in Sources */ = {isa = PBXBuildFile; fileRef = 9DE65CC12917F38800804F13 /* KeyboardAwareDemoView.swift */; };
		9DE65CC42918096A00804F13 /* KeyboardAwareDemoView2.swift in Sources */ = {isa = PBXBuildFile; fileRef = 9DE65CC32918096A00804F13 /* KeyboardAwareDemoView2.swift */; };
		B3E192ED2397AEC01D6093AD /* Pods_AwesomeSwift.framework in Frameworks */ = {isa = PBXBuildFile; fileRef = 50099D577C029A65A007F832 /* Pods_AwesomeSwift.framework */; };
/* End PBXBuildFile section */

/* Begin PBXContainerItemProxy section */
		9D4D229929102714006E0075 /* PBXContainerItemProxy */ = {
			isa = PBXContainerItemProxy;
			containerPortal = 9D4D227B29102712006E0075 /* Project object */;
			proxyType = 1;
			remoteGlobalIDString = 9D4D228229102713006E0075;
			remoteInfo = AwesomeSwift;
		};
		9D4D22A329102714006E0075 /* PBXContainerItemProxy */ = {
			isa = PBXContainerItemProxy;
			containerPortal = 9D4D227B29102712006E0075 /* Project object */;
			proxyType = 1;
			remoteGlobalIDString = 9D4D228229102713006E0075;
			remoteInfo = AwesomeSwift;
		};
		9D9D0AD52930D7E500605056 /* PBXContainerItemProxy */ = {
			isa = PBXContainerItemProxy;
			containerPortal = 9D4D227B29102712006E0075 /* Project object */;
			proxyType = 1;
			remoteGlobalIDString = 9D9D0AC62930D7E300605056;
			remoteInfo = AwesomeWidgetExtension;
		};
/* End PBXContainerItemProxy section */

/* Begin PBXCopyFilesBuildPhase section */
		9D9D0AD82930D7E500605056 /* Embed Foundation Extensions */ = {
			isa = PBXCopyFilesBuildPhase;
			buildActionMask = 2147483647;
			dstPath = "";
			dstSubfolderSpec = 13;
			files = (
				9D9D0AD72930D7E500605056 /* AwesomeWidgetExtension.appex in Embed Foundation Extensions */,
			);
			name = "Embed Foundation Extensions";
			runOnlyForDeploymentPostprocessing = 0;
		};
/* End PBXCopyFilesBuildPhase section */

/* Begin PBXFileReference section */
		2D9DFFE19ED7BC4AEDC509FA /* Pods-AwesomeSwift.release.xcconfig */ = {isa = PBXFileReference; includeInIndex = 1; lastKnownFileType = text.xcconfig; name = "Pods-AwesomeSwift.release.xcconfig"; path = "Target Support Files/Pods-AwesomeSwift/Pods-AwesomeSwift.release.xcconfig"; sourceTree = "<group>"; };
		50099D577C029A65A007F832 /* Pods_AwesomeSwift.framework */ = {isa = PBXFileReference; explicitFileType = wrapper.framework; includeInIndex = 0; path = Pods_AwesomeSwift.framework; sourceTree = BUILT_PRODUCTS_DIR; };
		9D2052F329CB590E006EBFDF /* ProjectViewModel.swift */ = {isa = PBXFileReference; lastKnownFileType = sourcecode.swift; path = ProjectViewModel.swift; sourceTree = "<group>"; };
		9D4D228329102713006E0075 /* AwesomeSwift.app */ = {isa = PBXFileReference; explicitFileType = wrapper.application; includeInIndex = 0; path = AwesomeSwift.app; sourceTree = BUILT_PRODUCTS_DIR; };
		9D4D228629102713006E0075 /* AwesomeSwiftApp.swift */ = {isa = PBXFileReference; lastKnownFileType = sourcecode.swift; path = AwesomeSwiftApp.swift; sourceTree = "<group>"; };
		9D4D228829102713006E0075 /* ContentView.swift */ = {isa = PBXFileReference; lastKnownFileType = sourcecode.swift; path = ContentView.swift; sourceTree = "<group>"; };
		9D4D228A29102714006E0075 /* Assets.xcassets */ = {isa = PBXFileReference; lastKnownFileType = folder.assetcatalog; path = Assets.xcassets; sourceTree = "<group>"; };
		9D4D228D29102714006E0075 /* Preview Assets.xcassets */ = {isa = PBXFileReference; lastKnownFileType = folder.assetcatalog; path = "Preview Assets.xcassets"; sourceTree = "<group>"; };
		9D4D229229102714006E0075 /* AwesomeSwift.xcdatamodel */ = {isa = PBXFileReference; lastKnownFileType = wrapper.xcdatamodel; path = AwesomeSwift.xcdatamodel; sourceTree = "<group>"; };
		9D4D229829102714006E0075 /* AwesomeSwiftTests.xctest */ = {isa = PBXFileReference; explicitFileType = wrapper.cfbundle; includeInIndex = 0; path = AwesomeSwiftTests.xctest; sourceTree = BUILT_PRODUCTS_DIR; };
		9D4D229C29102714006E0075 /* AwesomeSwiftTests.swift */ = {isa = PBXFileReference; lastKnownFileType = sourcecode.swift; path = AwesomeSwiftTests.swift; sourceTree = "<group>"; };
		9D4D22A229102714006E0075 /* AwesomeSwiftUITests.xctest */ = {isa = PBXFileReference; explicitFileType = wrapper.cfbundle; includeInIndex = 0; path = AwesomeSwiftUITests.xctest; sourceTree = BUILT_PRODUCTS_DIR; };
		9D4D22A629102714006E0075 /* AwesomeSwiftUITests.swift */ = {isa = PBXFileReference; lastKnownFileType = sourcecode.swift; path = AwesomeSwiftUITests.swift; sourceTree = "<group>"; };
		9D4D22A829102714006E0075 /* AwesomeSwiftUITestsLaunchTests.swift */ = {isa = PBXFileReference; lastKnownFileType = sourcecode.swift; path = AwesomeSwiftUITestsLaunchTests.swift; sourceTree = "<group>"; };
		9D6436FA292C7CBA0074261A /* LottieView.swift */ = {isa = PBXFileReference; lastKnownFileType = sourcecode.swift; path = LottieView.swift; sourceTree = "<group>"; };
		9D6436FC292E51090074261A /* ThemeDemoView.swift */ = {isa = PBXFileReference; lastKnownFileType = sourcecode.swift; path = ThemeDemoView.swift; sourceTree = "<group>"; };
		9D6436FE292E64EF0074261A /* AppInfoDemoView.swift */ = {isa = PBXFileReference; lastKnownFileType = sourcecode.swift; path = AppInfoDemoView.swift; sourceTree = "<group>"; };
		9D643700292E6BF20074261A /* LaunchPhonePageDemo.swift */ = {isa = PBXFileReference; lastKnownFileType = sourcecode.swift; path = LaunchPhonePageDemo.swift; sourceTree = "<group>"; };
		9D643702292E76980074261A /* MailView.swift */ = {isa = PBXFileReference; lastKnownFileType = sourcecode.swift; path = MailView.swift; sourceTree = "<group>"; };
		9D643708292F638A0074261A /* thank_you.json */ = {isa = PBXFileReference; fileEncoding = 4; lastKnownFileType = text.json; path = thank_you.json; sourceTree = "<group>"; };
		9D64370A292F8FC90074261A /* ShareDemoView.swift */ = {isa = PBXFileReference; lastKnownFileType = sourcecode.swift; path = ShareDemoView.swift; sourceTree = "<group>"; };
		9D64370C292F90510074261A /* EmailDemoView.swift */ = {isa = PBXFileReference; lastKnownFileType = sourcecode.swift; path = EmailDemoView.swift; sourceTree = "<group>"; };
		9D64370E292F978A0074261A /* Intents.intentdefinition */ = {isa = PBXFileReference; lastKnownFileType = file.intentdefinition; name = Intents.intentdefinition; path = AwesomeSwift/Intents.intentdefinition; sourceTree = SOURCE_ROOT; };
		9D6437102930BD510074261A /* ChangeIconDemoView.swift */ = {isa = PBXFileReference; lastKnownFileType = sourcecode.swift; path = ChangeIconDemoView.swift; sourceTree = "<group>"; };
		9D6437152930BEAE0074261A /* Calendar_120.png */ = {isa = PBXFileReference; lastKnownFileType = image.png; path = Calendar_120.png; sourceTree = "<group>"; };
		9D6437162930BEAE0074261A /* Calendar_180.png */ = {isa = PBXFileReference; lastKnownFileType = image.png; path = Calendar_180.png; sourceTree = "<group>"; };
		9D87B0A12934BD0C0072B307 /* GoogleService-Info.plist */ = {isa = PBXFileReference; fileEncoding = 4; lastKnownFileType = text.plist.xml; path = "GoogleService-Info.plist"; sourceTree = "<group>"; };
		9D87B0A82934D3860072B307 /* SqlLiteDemoView.swift */ = {isa = PBXFileReference; lastKnownFileType = sourcecode.swift; path = SqlLiteDemoView.swift; sourceTree = "<group>"; };
		9D87B0AB2934D3D00072B307 /* TaskDataStore.swift */ = {isa = PBXFileReference; lastKnownFileType = sourcecode.swift; path = TaskDataStore.swift; sourceTree = "<group>"; };
		9D87B0AD2934F6010072B307 /* ImagePickDemoView.swift */ = {isa = PBXFileReference; lastKnownFileType = sourcecode.swift; path = ImagePickDemoView.swift; sourceTree = "<group>"; };
		9D87B0AF2934F6350072B307 /* ImagePicker.swift */ = {isa = PBXFileReference; lastKnownFileType = sourcecode.swift; path = ImagePicker.swift; sourceTree = "<group>"; };
		9D92EFE3293B185400061967 /* BlurView.swift */ = {isa = PBXFileReference; fileEncoding = 4; lastKnownFileType = sourcecode.swift; path = BlurView.swift; sourceTree = "<group>"; };
		9D92EFE4293B185400061967 /* AlertToast.swift */ = {isa = PBXFileReference; fileEncoding = 4; lastKnownFileType = sourcecode.swift; path = AlertToast.swift; sourceTree = "<group>"; };
		9D92EFE5293B185400061967 /* ActivityIndicator.swift */ = {isa = PBXFileReference; fileEncoding = 4; lastKnownFileType = sourcecode.swift; path = ActivityIndicator.swift; sourceTree = "<group>"; };
		9D92EFE9293B18A300061967 /* AlertDemoView.swift */ = {isa = PBXFileReference; lastKnownFileType = sourcecode.swift; path = AlertDemoView.swift; sourceTree = "<group>"; };
		9D9D0ABF2930C5F200605056 /* Swift_180.png */ = {isa = PBXFileReference; lastKnownFileType = image.png; path = Swift_180.png; sourceTree = "<group>"; };
		9D9D0AC02930C5F200605056 /* Swift_120.png */ = {isa = PBXFileReference; lastKnownFileType = image.png; path = Swift_120.png; sourceTree = "<group>"; };
		9D9D0AC72930D7E300605056 /* AwesomeWidgetExtension.appex */ = {isa = PBXFileReference; explicitFileType = "wrapper.app-extension"; includeInIndex = 0; path = AwesomeWidgetExtension.appex; sourceTree = BUILT_PRODUCTS_DIR; };
		9D9D0AC82930D7E300605056 /* WidgetKit.framework */ = {isa = PBXFileReference; lastKnownFileType = wrapper.framework; name = WidgetKit.framework; path = System/Library/Frameworks/WidgetKit.framework; sourceTree = SDKROOT; };
		9D9D0ACA2930D7E300605056 /* SwiftUI.framework */ = {isa = PBXFileReference; lastKnownFileType = wrapper.framework; name = SwiftUI.framework; path = System/Library/Frameworks/SwiftUI.framework; sourceTree = SDKROOT; };
		9D9D0ACD2930D7E300605056 /* AwesomeWidget.swift */ = {isa = PBXFileReference; lastKnownFileType = sourcecode.swift; path = AwesomeWidget.swift; sourceTree = "<group>"; };
		9D9D0ACF2930D7E300605056 /* AwesomeWidget.intentdefinition */ = {isa = PBXFileReference; lastKnownFileType = file.intentdefinition; path = AwesomeWidget.intentdefinition; sourceTree = "<group>"; };
		9D9D0AD02930D7E500605056 /* Assets.xcassets */ = {isa = PBXFileReference; lastKnownFileType = folder.assetcatalog; path = Assets.xcassets; sourceTree = "<group>"; };
		9D9D0AD22930D7E500605056 /* Info.plist */ = {isa = PBXFileReference; lastKnownFileType = text.plist.xml; path = Info.plist; sourceTree = "<group>"; };
		9D9D0ADC2932172700605056 /* ClockWidget.swift */ = {isa = PBXFileReference; lastKnownFileType = sourcecode.swift; path = ClockWidget.swift; sourceTree = "<group>"; };
		9D9D0ADE2932179000605056 /* MainWidget.swift */ = {isa = PBXFileReference; lastKnownFileType = sourcecode.swift; path = MainWidget.swift; sourceTree = "<group>"; };
		9D9D0AE22932231600605056 /* CountdownWidget.swift */ = {isa = PBXFileReference; lastKnownFileType = sourcecode.swift; path = CountdownWidget.swift; sourceTree = "<group>"; };
		9D9D0AE5293248A200605056 /* TimerWidget.swift */ = {isa = PBXFileReference; fileEncoding = 4; lastKnownFileType = sourcecode.swift; path = TimerWidget.swift; sourceTree = "<group>"; };
		9D9D0AE829335E7700605056 /* FileDemoView.swift */ = {isa = PBXFileReference; lastKnownFileType = sourcecode.swift; path = FileDemoView.swift; sourceTree = "<group>"; };
		9DA60596291F4E2100EFFA1D /* PermissionDemoView.swift */ = {isa = PBXFileReference; lastKnownFileType = sourcecode.swift; path = PermissionDemoView.swift; sourceTree = "<group>"; };
		9DA6059A291F4EE600EFFA1D /* ListSampleView.swift */ = {isa = PBXFileReference; lastKnownFileType = sourcecode.swift; path = ListSampleView.swift; sourceTree = "<group>"; };
		9DA6059C291F4F1300EFFA1D /* OptionListView.swift */ = {isa = PBXFileReference; lastKnownFileType = sourcecode.swift; path = OptionListView.swift; sourceTree = "<group>"; };
		9DA6059E291F516400EFFA1D /* SectionListView.swift */ = {isa = PBXFileReference; lastKnownFileType = sourcecode.swift; path = SectionListView.swift; sourceTree = "<group>"; };
		9DA605A0291FA10500EFFA1D /* StatusBarStyleEnvironment.swift */ = {isa = PBXFileReference; lastKnownFileType = sourcecode.swift; path = StatusBarStyleEnvironment.swift; sourceTree = "<group>"; };
		9DA605A2291FB2CC00EFFA1D /* Info.plist */ = {isa = PBXFileReference; lastKnownFileType = text.plist.xml; path = Info.plist; sourceTree = "<group>"; };
		9DA605A42920F17700EFFA1D /* AppPermisions.swift */ = {isa = PBXFileReference; lastKnownFileType = sourcecode.swift; path = AppPermisions.swift; sourceTree = "<group>"; };
		9DA605A72920F71100EFFA1D /* StorageDemoView.swift */ = {isa = PBXFileReference; lastKnownFileType = sourcecode.swift; path = StorageDemoView.swift; sourceTree = "<group>"; };
		9DA605A92920F76400EFFA1D /* KV.swift */ = {isa = PBXFileReference; lastKnownFileType = sourcecode.swift; path = KV.swift; sourceTree = "<group>"; };
		9DA605AB2920FBF600EFFA1D /* AppInfoUtils.swift */ = {isa = PBXFileReference; lastKnownFileType = sourcecode.swift; path = AppInfoUtils.swift; sourceTree = "<group>"; };
		9DA605AD29213EC700EFFA1D /* SwipeListView.swift */ = {isa = PBXFileReference; lastKnownFileType = sourcecode.swift; path = SwipeListView.swift; sourceTree = "<group>"; };
		9DB8A3882935C6A3003DAC4A /* DocumentPicker.swift */ = {isa = PBXFileReference; lastKnownFileType = sourcecode.swift; path = DocumentPicker.swift; sourceTree = "<group>"; };
		9DB8A38A2935C732003DAC4A /* DocumentPickerDemoView.swift */ = {isa = PBXFileReference; lastKnownFileType = sourcecode.swift; path = DocumentPickerDemoView.swift; sourceTree = "<group>"; };
		9DB8A38D293660EA003DAC4A /* y1309.mp3 */ = {isa = PBXFileReference; lastKnownFileType = audio.mp3; path = y1309.mp3; sourceTree = "<group>"; };
		9DB8A38F29366110003DAC4A /* AudioPlayDemoView.swift */ = {isa = PBXFileReference; lastKnownFileType = sourcecode.swift; path = AudioPlayDemoView.swift; sourceTree = "<group>"; };
		9DB8A3922937AB20003DAC4A /* VisionDemoView.swift */ = {isa = PBXFileReference; lastKnownFileType = sourcecode.swift; path = VisionDemoView.swift; sourceTree = "<group>"; };
		9DB8A3942937ABCE003DAC4A /* DataScanner.swift */ = {isa = PBXFileReference; lastKnownFileType = sourcecode.swift; path = DataScanner.swift; sourceTree = "<group>"; };
		9DB8A3962937AED2003DAC4A /* ScannerDemoView.swift */ = {isa = PBXFileReference; lastKnownFileType = sourcecode.swift; path = ScannerDemoView.swift; sourceTree = "<group>"; };
		9DB8A39829384773003DAC4A /* ScannerView.swift */ = {isa = PBXFileReference; lastKnownFileType = sourcecode.swift; path = ScannerView.swift; sourceTree = "<group>"; };
		9DB8A39A293847A2003DAC4A /* TextRecognition.swift */ = {isa = PBXFileReference; lastKnownFileType = sourcecode.swift; path = TextRecognition.swift; sourceTree = "<group>"; };
		9DB8A39C293847EC003DAC4A /* DocScanDemoView.swift */ = {isa = PBXFileReference; lastKnownFileType = sourcecode.swift; path = DocScanDemoView.swift; sourceTree = "<group>"; };
		9DDD6904291A960B00E2CB69 /* Events.swift */ = {isa = PBXFileReference; lastKnownFileType = sourcecode.swift; path = Events.swift; sourceTree = "<group>"; };
		9DDD6906291B897900E2CB69 /* KeyboardReadable.swift */ = {isa = PBXFileReference; lastKnownFileType = sourcecode.swift; path = KeyboardReadable.swift; sourceTree = "<group>"; };
		9DDD6908291BF36F00E2CB69 /* CustomPreference.swift */ = {isa = PBXFileReference; lastKnownFileType = sourcecode.swift; path = CustomPreference.swift; sourceTree = "<group>"; };
		9DDD690D291BFC1500E2CB69 /* EnvironmentDemoView.swift */ = {isa = PBXFileReference; lastKnownFileType = sourcecode.swift; path = EnvironmentDemoView.swift; sourceTree = "<group>"; };
		9DDD690F291BFD4F00E2CB69 /* KeyboardDemoView.swift */ = {isa = PBXFileReference; lastKnownFileType = sourcecode.swift; path = KeyboardDemoView.swift; sourceTree = "<group>"; };
		9DDD6911291BFF5600E2CB69 /* KeyboardAwareDemo3.swift */ = {isa = PBXFileReference; lastKnownFileType = sourcecode.swift; path = KeyboardAwareDemo3.swift; sourceTree = "<group>"; };
		9DE65C522911495800804F13 /* ProjectList.swift */ = {isa = PBXFileReference; lastKnownFileType = sourcecode.swift; path = ProjectList.swift; sourceTree = "<group>"; };
		9DE65C5429116DDF00804F13 /* Project.swift */ = {isa = PBXFileReference; lastKnownFileType = sourcecode.swift; path = Project.swift; sourceTree = "<group>"; };
		9DE65C5629116EDB00804F13 /* ProjectRow.swift */ = {isa = PBXFileReference; lastKnownFileType = sourcecode.swift; path = ProjectRow.swift; sourceTree = "<group>"; };
		9DE65C642912BD3200804F13 /* zh-Hans */ = {isa = PBXFileReference; lastKnownFileType = text.plist.strings; name = "zh-Hans"; path = "zh-Hans.lproj/Localizable.strings"; sourceTree = "<group>"; };
		9DE65C652912BD3200804F13 /* en */ = {isa = PBXFileReference; lastKnownFileType = text.plist.strings; name = en; path = en.lproj/Localizable.strings; sourceTree = "<group>"; };
		9DE65C672912C6A300804F13 /* WebView.swift */ = {isa = PBXFileReference; lastKnownFileType = sourcecode.swift; path = WebView.swift; sourceTree = "<group>"; };
		9DE65C6A2912CB9200804F13 /* DateExtension.swift */ = {isa = PBXFileReference; lastKnownFileType = sourcecode.swift; path = DateExtension.swift; sourceTree = "<group>"; };
		9DE65C6D29135B9400804F13 /* R.generated.swift */ = {isa = PBXFileReference; fileEncoding = 4; lastKnownFileType = sourcecode.swift; path = R.generated.swift; sourceTree = SOURCE_ROOT; };
		9DE65C702913E6B300804F13 /* NotificationBannerView.swift */ = {isa = PBXFileReference; lastKnownFileType = sourcecode.swift; path = NotificationBannerView.swift; sourceTree = "<group>"; };
		9DE65C7B29156FDD00804F13 /* WhatsNewKitView.swift */ = {isa = PBXFileReference; lastKnownFileType = sourcecode.swift; path = WhatsNewKitView.swift; sourceTree = "<group>"; };
		9DE65C7D2916056B00804F13 /* SegmentedViewDemo.swift */ = {isa = PBXFileReference; lastKnownFileType = sourcecode.swift; path = SegmentedViewDemo.swift; sourceTree = "<group>"; };
		9DE65C8A2916201100804F13 /* PullToRefreshViewDemo.swift */ = {isa = PBXFileReference; lastKnownFileType = sourcecode.swift; path = PullToRefreshViewDemo.swift; sourceTree = "<group>"; };
		9DE65C9329162C7100804F13 /* TextDemoView.swift */ = {isa = PBXFileReference; lastKnownFileType = sourcecode.swift; path = TextDemoView.swift; sourceTree = "<group>"; };
		9DE65C9729162D5700804F13 /* StyleExtension.swift */ = {isa = PBXFileReference; fileEncoding = 4; lastKnownFileType = sourcecode.swift; path = StyleExtension.swift; sourceTree = "<group>"; };
		9DE65C9A29163F6F00804F13 /* LynnRefreshDefaultViews.swift */ = {isa = PBXFileReference; fileEncoding = 4; lastKnownFileType = sourcecode.swift; path = LynnRefreshDefaultViews.swift; sourceTree = "<group>"; };
		9DE65C9B29163F6F00804F13 /* LynnRefreshState.swift */ = {isa = PBXFileReference; fileEncoding = 4; lastKnownFileType = sourcecode.swift; path = LynnRefreshState.swift; sourceTree = "<group>"; };
		9DE65C9C29163F6F00804F13 /* LynnPullToRefreshModifier.swift */ = {isa = PBXFileReference; fileEncoding = 4; lastKnownFileType = sourcecode.swift; path = LynnPullToRefreshModifier.swift; sourceTree = "<group>"; };
		9DE65C9D29163F6F00804F13 /* LynnPullToRefresh.swift */ = {isa = PBXFileReference; fileEncoding = 4; lastKnownFileType = sourcecode.swift; path = LynnPullToRefresh.swift; sourceTree = "<group>"; };
		9DE65CA329164C1C00804F13 /* ButtonDemoView.swift */ = {isa = PBXFileReference; fileEncoding = 4; lastKnownFileType = sourcecode.swift; path = ButtonDemoView.swift; sourceTree = "<group>"; };
		9DE65CA429164C1C00804F13 /* TextFieldDemoView.swift */ = {isa = PBXFileReference; fileEncoding = 4; lastKnownFileType = sourcecode.swift; path = TextFieldDemoView.swift; sourceTree = "<group>"; };
		9DE65CA529164C1C00804F13 /* LayoutDemoView.swift */ = {isa = PBXFileReference; fileEncoding = 4; lastKnownFileType = sourcecode.swift; path = LayoutDemoView.swift; sourceTree = "<group>"; };
		9DE65CA629164C1C00804F13 /* AnimationDemoView.swift */ = {isa = PBXFileReference; fileEncoding = 4; lastKnownFileType = sourcecode.swift; path = AnimationDemoView.swift; sourceTree = "<group>"; };
		9DE65CA729164C1C00804F13 /* ImageDemoView.swift */ = {isa = PBXFileReference; fileEncoding = 4; lastKnownFileType = sourcecode.swift; path = ImageDemoView.swift; sourceTree = "<group>"; };
		9DE65CA829164C1D00804F13 /* PopupDemoView.swift */ = {isa = PBXFileReference; fileEncoding = 4; lastKnownFileType = sourcecode.swift; path = PopupDemoView.swift; sourceTree = "<group>"; };
		9DE65CA929164C1D00804F13 /* TabDemoView.swift */ = {isa = PBXFileReference; fileEncoding = 4; lastKnownFileType = sourcecode.swift; path = TabDemoView.swift; sourceTree = "<group>"; };
		9DE65CAF29164C1D00804F13 /* TabPageDemoView.swift */ = {isa = PBXFileReference; fileEncoding = 4; lastKnownFileType = sourcecode.swift; path = TabPageDemoView.swift; sourceTree = "<group>"; };
		9DE65CBD291667BE00804F13 /* FormDemoView.swift */ = {isa = PBXFileReference; lastKnownFileType = sourcecode.swift; path = FormDemoView.swift; sourceTree = "<group>"; };
		9DE65CBF2917E94D00804F13 /* ImmersiveView.swift */ = {isa = PBXFileReference; lastKnownFileType = sourcecode.swift; path = ImmersiveView.swift; sourceTree = "<group>"; };
		9DE65CC12917F38800804F13 /* KeyboardAwareDemoView.swift */ = {isa = PBXFileReference; lastKnownFileType = sourcecode.swift; path = KeyboardAwareDemoView.swift; sourceTree = "<group>"; };
		9DE65CC32918096A00804F13 /* KeyboardAwareDemoView2.swift */ = {isa = PBXFileReference; lastKnownFileType = sourcecode.swift; path = KeyboardAwareDemoView2.swift; sourceTree = "<group>"; };
		D97B031A2C8DA6B18B475D85 /* Pods-AwesomeSwift.debug.xcconfig */ = {isa = PBXFileReference; includeInIndex = 1; lastKnownFileType = text.xcconfig; name = "Pods-AwesomeSwift.debug.xcconfig"; path = "Target Support Files/Pods-AwesomeSwift/Pods-AwesomeSwift.debug.xcconfig"; sourceTree = "<group>"; };
/* End PBXFileReference section */

/* Begin PBXFrameworksBuildPhase section */
		9D4D228029102713006E0075 /* Frameworks */ = {
			isa = PBXFrameworksBuildPhase;
			buildActionMask = 2147483647;
			files = (
				9D87B0A52934C8270072B307 /* FirebaseCrashlytics in Frameworks */,
				9DE65C7A291512FA00804F13 /* WhatsNewKit in Frameworks */,
				B3E192ED2397AEC01D6093AD /* Pods_AwesomeSwift.framework in Frameworks */,
			);
			runOnlyForDeploymentPostprocessing = 0;
		};
		9D4D229529102714006E0075 /* Frameworks */ = {
			isa = PBXFrameworksBuildPhase;
			buildActionMask = 2147483647;
			files = (
			);
			runOnlyForDeploymentPostprocessing = 0;
		};
		9D4D229F29102714006E0075 /* Frameworks */ = {
			isa = PBXFrameworksBuildPhase;
			buildActionMask = 2147483647;
			files = (
			);
			runOnlyForDeploymentPostprocessing = 0;
		};
		9D9D0AC42930D7E300605056 /* Frameworks */ = {
			isa = PBXFrameworksBuildPhase;
			buildActionMask = 2147483647;
			files = (
				9D9D0ACB2930D7E300605056 /* SwiftUI.framework in Frameworks */,
				9D9D0AC92930D7E300605056 /* WidgetKit.framework in Frameworks */,
			);
			runOnlyForDeploymentPostprocessing = 0;
		};
/* End PBXFrameworksBuildPhase section */

/* Begin PBXGroup section */
		2C7C62C84EE2E2C8234F6001 /* Pods */ = {
			isa = PBXGroup;
			children = (
				D97B031A2C8DA6B18B475D85 /* Pods-AwesomeSwift.debug.xcconfig */,
				2D9DFFE19ED7BC4AEDC509FA /* Pods-AwesomeSwift.release.xcconfig */,
			);
			path = Pods;
			sourceTree = "<group>";
		};
		63E160AF2042F4ABE42FA3AF /* Frameworks */ = {
			isa = PBXGroup;
			children = (
				50099D577C029A65A007F832 /* Pods_AwesomeSwift.framework */,
				9D9D0AC82930D7E300605056 /* WidgetKit.framework */,
				9D9D0ACA2930D7E300605056 /* SwiftUI.framework */,
			);
			name = Frameworks;
			sourceTree = "<group>";
		};
		9D4D227A29102712006E0075 = {
			isa = PBXGroup;
			children = (
				9D4D228529102713006E0075 /* AwesomeSwift */,
				9D4D229B29102714006E0075 /* AwesomeSwiftTests */,
				9D4D22A529102714006E0075 /* AwesomeSwiftUITests */,
				9D9D0ACC2930D7E300605056 /* AwesomeWidget */,
				9D4D228429102713006E0075 /* Products */,
				2C7C62C84EE2E2C8234F6001 /* Pods */,
				63E160AF2042F4ABE42FA3AF /* Frameworks */,
			);
			sourceTree = "<group>";
		};
		9D4D228429102713006E0075 /* Products */ = {
			isa = PBXGroup;
			children = (
				9D4D228329102713006E0075 /* AwesomeSwift.app */,
				9D4D229829102714006E0075 /* AwesomeSwiftTests.xctest */,
				9D4D22A229102714006E0075 /* AwesomeSwiftUITests.xctest */,
				9D9D0AC72930D7E300605056 /* AwesomeWidgetExtension.appex */,
			);
			name = Products;
			sourceTree = "<group>";
		};
		9D4D228529102713006E0075 /* AwesomeSwift */ = {
			isa = PBXGroup;
			children = (
				9DE65C6F2913E69200804F13 /* Components */,
				9DE65C692912CB7C00804F13 /* Extensions */,
				9DE65C612912BD3200804F13 /* Resources */,
				9DE65C512911486800804F13 /* WanAndroid */,
				9D4D228C29102714006E0075 /* Preview Content */,
				9DA605A2291FB2CC00EFFA1D /* Info.plist */,
				9D87B0A12934BD0C0072B307 /* GoogleService-Info.plist */,
				9D64370E292F978A0074261A /* Intents.intentdefinition */,
				9D4D228629102713006E0075 /* AwesomeSwiftApp.swift */,
				9D4D228829102713006E0075 /* ContentView.swift */,
				9DE65C6D29135B9400804F13 /* R.generated.swift */,
				9DDD6904291A960B00E2CB69 /* Events.swift */,
				9D4D228A29102714006E0075 /* Assets.xcassets */,
				9D4D229129102714006E0075 /* AwesomeSwift.xcdatamodeld */,
			);
			path = AwesomeSwift;
			sourceTree = "<group>";
		};
		9D4D228C29102714006E0075 /* Preview Content */ = {
			isa = PBXGroup;
			children = (
				9D4D228D29102714006E0075 /* Preview Assets.xcassets */,
			);
			path = "Preview Content";
			sourceTree = "<group>";
		};
		9D4D229B29102714006E0075 /* AwesomeSwiftTests */ = {
			isa = PBXGroup;
			children = (
				9D4D229C29102714006E0075 /* AwesomeSwiftTests.swift */,
			);
			path = AwesomeSwiftTests;
			sourceTree = "<group>";
		};
		9D4D22A529102714006E0075 /* AwesomeSwiftUITests */ = {
			isa = PBXGroup;
			children = (
				9D4D22A629102714006E0075 /* AwesomeSwiftUITests.swift */,
				9D4D22A829102714006E0075 /* AwesomeSwiftUITestsLaunchTests.swift */,
			);
			path = AwesomeSwiftUITests;
			sourceTree = "<group>";
		};
		9D6436F6292C7BF00074261A /* Lottie */ = {
			isa = PBXGroup;
			children = (
				9D643708292F638A0074261A /* thank_you.json */,
			);
			path = Lottie;
			sourceTree = "<group>";
		};
		9D6436F9292C7CAA0074261A /* Image */ = {
			isa = PBXGroup;
			children = (
				9D6436FA292C7CBA0074261A /* LottieView.swift */,
				9D87B0AD2934F6010072B307 /* ImagePickDemoView.swift */,
				9D87B0AF2934F6350072B307 /* ImagePicker.swift */,
			);
			path = Image;
			sourceTree = "<group>";
		};
		9D6437132930BEAE0074261A /* AppIcons */ = {
			isa = PBXGroup;
			children = (
				9D9D0ABE2930C5F200605056 /* Swift */,
				9D6437142930BEAE0074261A /* Calendar */,
			);
			path = AppIcons;
			sourceTree = "<group>";
		};
		9D6437142930BEAE0074261A /* Calendar */ = {
			isa = PBXGroup;
			children = (
				9D6437152930BEAE0074261A /* Calendar_120.png */,
				9D6437162930BEAE0074261A /* Calendar_180.png */,
			);
			path = Calendar;
			sourceTree = "<group>";
		};
		9D87B0AA2934D3BB0072B307 /* Sql */ = {
			isa = PBXGroup;
			children = (
				9D87B0A82934D3860072B307 /* SqlLiteDemoView.swift */,
				9D87B0AB2934D3D00072B307 /* TaskDataStore.swift */,
			);
			path = Sql;
			sourceTree = "<group>";
		};
		9D92EFD9293B17E500061967 /* Libraries */ = {
			isa = PBXGroup;
			children = (
				9D92EFE2293B185400061967 /* AlertToast */,
			);
			path = Libraries;
			sourceTree = "<group>";
		};
		9D92EFE2293B185400061967 /* AlertToast */ = {
			isa = PBXGroup;
			children = (
				9D92EFE3293B185400061967 /* BlurView.swift */,
				9D92EFE4293B185400061967 /* AlertToast.swift */,
				9D92EFE5293B185400061967 /* ActivityIndicator.swift */,
			);
			path = AlertToast;
			sourceTree = "<group>";
		};
		9D9D0ABE2930C5F200605056 /* Swift */ = {
			isa = PBXGroup;
			children = (
				9D9D0AC02930C5F200605056 /* Swift_120.png */,
				9D9D0ABF2930C5F200605056 /* Swift_180.png */,
			);
			path = Swift;
			sourceTree = "<group>";
		};
		9D9D0ACC2930D7E300605056 /* AwesomeWidget */ = {
			isa = PBXGroup;
			children = (
				9D9D0AE5293248A200605056 /* TimerWidget.swift */,
				9D9D0ACD2930D7E300605056 /* AwesomeWidget.swift */,
				9D9D0ADC2932172700605056 /* ClockWidget.swift */,
				9D9D0ADE2932179000605056 /* MainWidget.swift */,
				9D9D0AE22932231600605056 /* CountdownWidget.swift */,
				9D9D0ACF2930D7E300605056 /* AwesomeWidget.intentdefinition */,
				9D9D0AD02930D7E500605056 /* Assets.xcassets */,
				9D9D0AD22930D7E500605056 /* Info.plist */,
			);
			path = AwesomeWidget;
			sourceTree = "<group>";
		};
		9DA60599291F4ED300EFFA1D /* List */ = {
			isa = PBXGroup;
			children = (
				9DA6059A291F4EE600EFFA1D /* ListSampleView.swift */,
				9DA6059C291F4F1300EFFA1D /* OptionListView.swift */,
				9DA6059E291F516400EFFA1D /* SectionListView.swift */,
				9DA605AD29213EC700EFFA1D /* SwipeListView.swift */,
			);
			path = List;
			sourceTree = "<group>";
		};
		9DA605A32920F16000EFFA1D /* Permission */ = {
			isa = PBXGroup;
			children = (
				9DA60596291F4E2100EFFA1D /* PermissionDemoView.swift */,
				9DA605A42920F17700EFFA1D /* AppPermisions.swift */,
			);
			path = Permission;
			sourceTree = "<group>";
		};
		9DA605A62920F6FD00EFFA1D /* Storage */ = {
			isa = PBXGroup;
			children = (
				9DA605A72920F71100EFFA1D /* StorageDemoView.swift */,
				9DA605A92920F76400EFFA1D /* KV.swift */,
				9D9D0AE829335E7700605056 /* FileDemoView.swift */,
			);
			path = Storage;
			sourceTree = "<group>";
		};
		9DB8A3872935C691003DAC4A /* FilePick */ = {
			isa = PBXGroup;
			children = (
				9DB8A3882935C6A3003DAC4A /* DocumentPicker.swift */,
				9DB8A38A2935C732003DAC4A /* DocumentPickerDemoView.swift */,
			);
			path = FilePick;
			sourceTree = "<group>";
		};
		9DB8A38C293660CB003DAC4A /* Audio */ = {
			isa = PBXGroup;
			children = (
				9DB8A38D293660EA003DAC4A /* y1309.mp3 */,
			);
			path = Audio;
			sourceTree = "<group>";
		};
		9DB8A3912937AB0D003DAC4A /* Vision */ = {
			isa = PBXGroup;
			children = (
				9DB8A3922937AB20003DAC4A /* VisionDemoView.swift */,
				9DB8A3942937ABCE003DAC4A /* DataScanner.swift */,
				9DB8A3962937AED2003DAC4A /* ScannerDemoView.swift */,
				9DB8A39829384773003DAC4A /* ScannerView.swift */,
				9DB8A39A293847A2003DAC4A /* TextRecognition.swift */,
				9DB8A39C293847EC003DAC4A /* DocScanDemoView.swift */,
			);
			path = Vision;
			sourceTree = "<group>";
		};
		9DDD690A291BFBBB00E2CB69 /* Business */ = {
			isa = PBXGroup;
			children = (
				9DB8A3912937AB0D003DAC4A /* Vision */,
				9DB8A3872935C691003DAC4A /* FilePick */,
				9D87B0AA2934D3BB0072B307 /* Sql */,
				9D6436F9292C7CAA0074261A /* Image */,
				9DA605A62920F6FD00EFFA1D /* Storage */,
				9DA605A32920F16000EFFA1D /* Permission */,
				9DA60599291F4ED300EFFA1D /* List */,
				9DDD690C291BFBD400E2CB69 /* Keyboard */,
				9DDD690B291BFBCC00E2CB69 /* Events */,
				9D643702292E76980074261A /* MailView.swift */,
				9DA605AB2920FBF600EFFA1D /* AppInfoUtils.swift */,
				9DB8A38F29366110003DAC4A /* AudioPlayDemoView.swift */,
				9D92EFE9293B18A300061967 /* AlertDemoView.swift */,
			);
			path = Business;
			sourceTree = "<group>";
		};
		9DDD690B291BFBCC00E2CB69 /* Events */ = {
			isa = PBXGroup;
			children = (
				9DDD6908291BF36F00E2CB69 /* CustomPreference.swift */,
				9DDD690D291BFC1500E2CB69 /* EnvironmentDemoView.swift */,
			);
			path = Events;
			sourceTree = "<group>";
		};
		9DDD690C291BFBD400E2CB69 /* Keyboard */ = {
			isa = PBXGroup;
			children = (
				9DE65CC12917F38800804F13 /* KeyboardAwareDemoView.swift */,
				9DE65CC32918096A00804F13 /* KeyboardAwareDemoView2.swift */,
				9DDD6911291BFF5600E2CB69 /* KeyboardAwareDemo3.swift */,
				9DDD690F291BFD4F00E2CB69 /* KeyboardDemoView.swift */,
				9DDD6906291B897900E2CB69 /* KeyboardReadable.swift */,
			);
			path = Keyboard;
			sourceTree = "<group>";
		};
		9DE65C512911486800804F13 /* WanAndroid */ = {
			isa = PBXGroup;
			children = (
				9DE65C522911495800804F13 /* ProjectList.swift */,
				9DE65C5429116DDF00804F13 /* Project.swift */,
				9DE65C5629116EDB00804F13 /* ProjectRow.swift */,
				9DE65C672912C6A300804F13 /* WebView.swift */,
				9D2052F329CB590E006EBFDF /* ProjectViewModel.swift */,
			);
			path = WanAndroid;
			sourceTree = "<group>";
		};
		9DE65C612912BD3200804F13 /* Resources */ = {
			isa = PBXGroup;
			children = (
				9DB8A38C293660CB003DAC4A /* Audio */,
				9D6437132930BEAE0074261A /* AppIcons */,
				9D6436F6292C7BF00074261A /* Lottie */,
				9DE65C622912BD3200804F13 /* Localization */,
			);
			path = Resources;
			sourceTree = "<group>";
		};
		9DE65C622912BD3200804F13 /* Localization */ = {
			isa = PBXGroup;
			children = (
				9DE65C632912BD3200804F13 /* Localizable.strings */,
			);
			path = Localization;
			sourceTree = "<group>";
		};
		9DE65C692912CB7C00804F13 /* Extensions */ = {
			isa = PBXGroup;
			children = (
				9DE65C9729162D5700804F13 /* StyleExtension.swift */,
				9DE65C6A2912CB9200804F13 /* DateExtension.swift */,
				9DA605A0291FA10500EFFA1D /* StatusBarStyleEnvironment.swift */,
			);
			path = Extensions;
			sourceTree = "<group>";
		};
		9DE65C6F2913E69200804F13 /* Components */ = {
			isa = PBXGroup;
			children = (
				9D92EFD9293B17E500061967 /* Libraries */,
				9DDD690A291BFBBB00E2CB69 /* Business */,
				9DE65C9929163F6F00804F13 /* PullToRefresh */,
				9DE65CA829164C1D00804F13 /* PopupDemoView.swift */,
				9DE65CA629164C1C00804F13 /* AnimationDemoView.swift */,
				9DE65CA329164C1C00804F13 /* ButtonDemoView.swift */,
				9DE65CA729164C1C00804F13 /* ImageDemoView.swift */,
				9DE65CA529164C1C00804F13 /* LayoutDemoView.swift */,
				9DE65CA929164C1D00804F13 /* TabDemoView.swift */,
				9DE65CAF29164C1D00804F13 /* TabPageDemoView.swift */,
				9DE65CA429164C1C00804F13 /* TextFieldDemoView.swift */,
				9DE65C702913E6B300804F13 /* NotificationBannerView.swift */,
				9DE65C9329162C7100804F13 /* TextDemoView.swift */,
				9DE65C7B29156FDD00804F13 /* WhatsNewKitView.swift */,
				9DE65C7D2916056B00804F13 /* SegmentedViewDemo.swift */,
				9DE65C8A2916201100804F13 /* PullToRefreshViewDemo.swift */,
				9DE65CBD291667BE00804F13 /* FormDemoView.swift */,
				9DE65CBF2917E94D00804F13 /* ImmersiveView.swift */,
				9D6436FC292E51090074261A /* ThemeDemoView.swift */,
				9D6436FE292E64EF0074261A /* AppInfoDemoView.swift */,
				9D643700292E6BF20074261A /* LaunchPhonePageDemo.swift */,
				9D64370A292F8FC90074261A /* ShareDemoView.swift */,
				9D64370C292F90510074261A /* EmailDemoView.swift */,
				9D6437102930BD510074261A /* ChangeIconDemoView.swift */,
			);
			path = Components;
			sourceTree = "<group>";
		};
		9DE65C9929163F6F00804F13 /* PullToRefresh */ = {
			isa = PBXGroup;
			children = (
				9DE65C9A29163F6F00804F13 /* LynnRefreshDefaultViews.swift */,
				9DE65C9B29163F6F00804F13 /* LynnRefreshState.swift */,
				9DE65C9C29163F6F00804F13 /* LynnPullToRefreshModifier.swift */,
				9DE65C9D29163F6F00804F13 /* LynnPullToRefresh.swift */,
			);
			path = PullToRefresh;
			sourceTree = "<group>";
		};
/* End PBXGroup section */

/* Begin PBXNativeTarget section */
		9D4D228229102713006E0075 /* AwesomeSwift */ = {
			isa = PBXNativeTarget;
			buildConfigurationList = 9D4D22AC29102714006E0075 /* Build configuration list for PBXNativeTarget "AwesomeSwift" */;
			buildPhases = (
				AB3AEBE68A012DD602043F4D /* [CP] Check Pods Manifest.lock */,
				9DE65C6C29135ACC00804F13 /* ShellScript */,
				9D4D227F29102713006E0075 /* Sources */,
				9D4D228029102713006E0075 /* Frameworks */,
				9D4D228129102713006E0075 /* Resources */,
				B6F4940062E8F82151B1A53F /* [CP] Embed Pods Frameworks */,
				9D9D0AD82930D7E500605056 /* Embed Foundation Extensions */,
				9D87B0A62934CBCA0072B307 /* Run Script */,
			);
			buildRules = (
			);
			dependencies = (
				9D9D0AD62930D7E500605056 /* PBXTargetDependency */,
			);
			name = AwesomeSwift;
			packageProductDependencies = (
				9DE65C79291512FA00804F13 /* WhatsNewKit */,
				9D87B0A42934C8270072B307 /* FirebaseCrashlytics */,
			);
			productName = AwesomeSwift;
			productReference = 9D4D228329102713006E0075 /* AwesomeSwift.app */;
			productType = "com.apple.product-type.application";
		};
		9D4D229729102714006E0075 /* AwesomeSwiftTests */ = {
			isa = PBXNativeTarget;
			buildConfigurationList = 9D4D22AF29102714006E0075 /* Build configuration list for PBXNativeTarget "AwesomeSwiftTests" */;
			buildPhases = (
				9D4D229429102714006E0075 /* Sources */,
				9D4D229529102714006E0075 /* Frameworks */,
				9D4D229629102714006E0075 /* Resources */,
			);
			buildRules = (
			);
			dependencies = (
				9D4D229A29102714006E0075 /* PBXTargetDependency */,
			);
			name = AwesomeSwiftTests;
			productName = AwesomeSwiftTests;
			productReference = 9D4D229829102714006E0075 /* AwesomeSwiftTests.xctest */;
			productType = "com.apple.product-type.bundle.unit-test";
		};
		9D4D22A129102714006E0075 /* AwesomeSwiftUITests */ = {
			isa = PBXNativeTarget;
			buildConfigurationList = 9D4D22B229102714006E0075 /* Build configuration list for PBXNativeTarget "AwesomeSwiftUITests" */;
			buildPhases = (
				9D4D229E29102714006E0075 /* Sources */,
				9D4D229F29102714006E0075 /* Frameworks */,
				9D4D22A029102714006E0075 /* Resources */,
			);
			buildRules = (
			);
			dependencies = (
				9D4D22A429102714006E0075 /* PBXTargetDependency */,
			);
			name = AwesomeSwiftUITests;
			productName = AwesomeSwiftUITests;
			productReference = 9D4D22A229102714006E0075 /* AwesomeSwiftUITests.xctest */;
			productType = "com.apple.product-type.bundle.ui-testing";
		};
		9D9D0AC62930D7E300605056 /* AwesomeWidgetExtension */ = {
			isa = PBXNativeTarget;
			buildConfigurationList = 9D9D0ADB2930D7E500605056 /* Build configuration list for PBXNativeTarget "AwesomeWidgetExtension" */;
			buildPhases = (
				9D9D0AC32930D7E300605056 /* Sources */,
				9D9D0AC42930D7E300605056 /* Frameworks */,
				9D9D0AC52930D7E300605056 /* Resources */,
			);
			buildRules = (
			);
			dependencies = (
			);
			name = AwesomeWidgetExtension;
			productName = AwesomeWidgetExtension;
			productReference = 9D9D0AC72930D7E300605056 /* AwesomeWidgetExtension.appex */;
			productType = "com.apple.product-type.app-extension";
		};
/* End PBXNativeTarget section */

/* Begin PBXProject section */
		9D4D227B29102712006E0075 /* Project object */ = {
			isa = PBXProject;
			attributes = {
				BuildIndependentTargetsInParallel = 1;
				LastSwiftUpdateCheck = 1410;
				LastUpgradeCheck = 1410;
				TargetAttributes = {
					9D4D228229102713006E0075 = {
						CreatedOnToolsVersion = 14.1;
					};
					9D4D229729102714006E0075 = {
						CreatedOnToolsVersion = 14.1;
						TestTargetID = 9D4D228229102713006E0075;
					};
					9D4D22A129102714006E0075 = {
						CreatedOnToolsVersion = 14.1;
						TestTargetID = 9D4D228229102713006E0075;
					};
					9D9D0AC62930D7E300605056 = {
						CreatedOnToolsVersion = 14.1;
					};
				};
			};
			buildConfigurationList = 9D4D227E29102712006E0075 /* Build configuration list for PBXProject "AwesomeSwift" */;
			compatibilityVersion = "Xcode 14.0";
			developmentRegion = en;
			hasScannedForEncodings = 0;
			knownRegions = (
				en,
				Base,
				"zh-Hans",
			);
			mainGroup = 9D4D227A29102712006E0075;
			packageReferences = (
				9DE65C78291512FA00804F13 /* XCRemoteSwiftPackageReference "WhatsNewKit" */,
				9D87B0A32934C8270072B307 /* XCRemoteSwiftPackageReference "firebase-ios-sdk" */,
			);
			productRefGroup = 9D4D228429102713006E0075 /* Products */;
			projectDirPath = "";
			projectRoot = "";
			targets = (
				9D4D228229102713006E0075 /* AwesomeSwift */,
				9D4D229729102714006E0075 /* AwesomeSwiftTests */,
				9D4D22A129102714006E0075 /* AwesomeSwiftUITests */,
				9D9D0AC62930D7E300605056 /* AwesomeWidgetExtension */,
			);
		};
/* End PBXProject section */

/* Begin PBXResourcesBuildPhase section */
		9D4D228129102713006E0075 /* Resources */ = {
			isa = PBXResourcesBuildPhase;
			buildActionMask = 2147483647;
			files = (
				9D6437182930BEAE0074261A /* Calendar_180.png in Resources */,
				9D9D0AC12930C5F200605056 /* Swift_180.png in Resources */,
				9D87B0A22934BD0D0072B307 /* GoogleService-Info.plist in Resources */,
				9DB8A38E293660EA003DAC4A /* y1309.mp3 in Resources */,
				9D643709292F638A0074261A /* thank_you.json in Resources */,
				9D4D228E29102714006E0075 /* Preview Assets.xcassets in Resources */,
				9DE65C662912BD3200804F13 /* Localizable.strings in Resources */,
				9D4D228B29102714006E0075 /* Assets.xcassets in Resources */,
				9D6437172930BEAE0074261A /* Calendar_120.png in Resources */,
				9D9D0AC22930C5F200605056 /* Swift_120.png in Resources */,
			);
			runOnlyForDeploymentPostprocessing = 0;
		};
		9D4D229629102714006E0075 /* Resources */ = {
			isa = PBXResourcesBuildPhase;
			buildActionMask = 2147483647;
			files = (
			);
			runOnlyForDeploymentPostprocessing = 0;
		};
		9D4D22A029102714006E0075 /* Resources */ = {
			isa = PBXResourcesBuildPhase;
			buildActionMask = 2147483647;
			files = (
			);
			runOnlyForDeploymentPostprocessing = 0;
		};
		9D9D0AC52930D7E300605056 /* Resources */ = {
			isa = PBXResourcesBuildPhase;
			buildActionMask = 2147483647;
			files = (
				9D9D0AD12930D7E500605056 /* Assets.xcassets in Resources */,
			);
			runOnlyForDeploymentPostprocessing = 0;
		};
/* End PBXResourcesBuildPhase section */

/* Begin PBXShellScriptBuildPhase section */
		9D87B0A62934CBCA0072B307 /* Run Script */ = {
			isa = PBXShellScriptBuildPhase;
			buildActionMask = 2147483647;
			files = (
			);
			inputFileListPaths = (
			);
			inputPaths = (
				"${DWARF_DSYM_FOLDER_PATH}/${DWARF_DSYM_FILE_NAME}/Contents/Resources/DWARF/${TARGET_NAME}",
				"$(SRCROOT)/$(BUILT_PRODUCTS_DIR)/$(INFOPLIST_PATH)",
			);
			name = "Run Script";
			outputFileListPaths = (
			);
			outputPaths = (
			);
			runOnlyForDeploymentPostprocessing = 0;
			shellPath = /bin/sh;
			shellScript = "# Type a script or drag a script file from your workspace to insert its path.\n\"${BUILD_DIR%/Build/*}/SourcePackages/checkouts/firebase-ios-sdk/Crashlytics/run\"\n";
		};
		9DE65C6C29135ACC00804F13 /* ShellScript */ = {
			isa = PBXShellScriptBuildPhase;
			alwaysOutOfDate = 1;
			buildActionMask = 2147483647;
			files = (
			);
			inputFileListPaths = (
			);
			inputPaths = (
			);
			outputFileListPaths = (
			);
			outputPaths = (
				$SRCROOT/R.generated.swift,
			);
			runOnlyForDeploymentPostprocessing = 0;
			shellPath = /bin/sh;
			shellScript = "# Type a script or drag a script file from your workspace to insert its path.\n\"$PODS_ROOT/R.swift/rswift\" generate \"$SRCROOT/R.generated.swift\"\n";
		};
		AB3AEBE68A012DD602043F4D /* [CP] Check Pods Manifest.lock */ = {
			isa = PBXShellScriptBuildPhase;
			buildActionMask = 2147483647;
			files = (
			);
			inputFileListPaths = (
			);
			inputPaths = (
				"${PODS_PODFILE_DIR_PATH}/Podfile.lock",
				"${PODS_ROOT}/Manifest.lock",
			);
			name = "[CP] Check Pods Manifest.lock";
			outputFileListPaths = (
			);
			outputPaths = (
				"$(DERIVED_FILE_DIR)/Pods-AwesomeSwift-checkManifestLockResult.txt",
			);
			runOnlyForDeploymentPostprocessing = 0;
			shellPath = /bin/sh;
			shellScript = "diff \"${PODS_PODFILE_DIR_PATH}/Podfile.lock\" \"${PODS_ROOT}/Manifest.lock\" > /dev/null\nif [ $? != 0 ] ; then\n    # print error to STDERR\n    echo \"error: The sandbox is not in sync with the Podfile.lock. Run 'pod install' or update your CocoaPods installation.\" >&2\n    exit 1\nfi\n# This output is used by Xcode 'outputs' to avoid re-running this script phase.\necho \"SUCCESS\" > \"${SCRIPT_OUTPUT_FILE_0}\"\n";
			showEnvVarsInLog = 0;
		};
		B6F4940062E8F82151B1A53F /* [CP] Embed Pods Frameworks */ = {
			isa = PBXShellScriptBuildPhase;
			buildActionMask = 2147483647;
			files = (
			);
			inputFileListPaths = (
				"${PODS_ROOT}/Target Support Files/Pods-AwesomeSwift/Pods-AwesomeSwift-frameworks-${CONFIGURATION}-input-files.xcfilelist",
			);
			name = "[CP] Embed Pods Frameworks";
			outputFileListPaths = (
				"${PODS_ROOT}/Target Support Files/Pods-AwesomeSwift/Pods-AwesomeSwift-frameworks-${CONFIGURATION}-output-files.xcfilelist",
			);
			runOnlyForDeploymentPostprocessing = 0;
			shellPath = /bin/sh;
			shellScript = "\"${PODS_ROOT}/Target Support Files/Pods-AwesomeSwift/Pods-AwesomeSwift-frameworks.sh\"\n";
			showEnvVarsInLog = 0;
		};
/* End PBXShellScriptBuildPhase section */

/* Begin PBXSourcesBuildPhase section */
		9D4D227F29102713006E0075 /* Sources */ = {
			isa = PBXSourcesBuildPhase;
			buildActionMask = 2147483647;
			files = (
				9DB8A3932937AB20003DAC4A /* VisionDemoView.swift in Sources */,
				9DE65C5729116EDB00804F13 /* ProjectRow.swift in Sources */,
				9DE65C682912C6A300804F13 /* WebView.swift in Sources */,
				9DB8A39D293847EC003DAC4A /* DocScanDemoView.swift in Sources */,
				9D87B0AE2934F6010072B307 /* ImagePickDemoView.swift in Sources */,
				9D87B0B02934F6350072B307 /* ImagePicker.swift in Sources */,
				9DDD6910291BFD4F00E2CB69 /* KeyboardDemoView.swift in Sources */,
				9D64370D292F90510074261A /* EmailDemoView.swift in Sources */,
				9DE65C9829162D5700804F13 /* StyleExtension.swift in Sources */,
				9DE65C9E29163F6F00804F13 /* LynnRefreshDefaultViews.swift in Sources */,
				9D4D228929102713006E0075 /* ContentView.swift in Sources */,
				9DE65C712913E6B300804F13 /* NotificationBannerView.swift in Sources */,
				9DA60597291F4E2100EFFA1D /* PermissionDemoView.swift in Sources */,
				9DB8A3952937ABCE003DAC4A /* DataScanner.swift in Sources */,
				9D6436FF292E64EF0074261A /* AppInfoDemoView.swift in Sources */,
				9DB8A3892935C6A3003DAC4A /* DocumentPicker.swift in Sources */,
				9D92EFE8293B185400061967 /* ActivityIndicator.swift in Sources */,
				9D4D228729102713006E0075 /* AwesomeSwiftApp.swift in Sources */,
				9DA605A82920F71100EFFA1D /* StorageDemoView.swift in Sources */,
				9DA6059D291F4F1300EFFA1D /* OptionListView.swift in Sources */,
				9DB8A38B2935C732003DAC4A /* DocumentPickerDemoView.swift in Sources */,
				9D2052F429CB590E006EBFDF /* ProjectViewModel.swift in Sources */,
				9DB8A39929384773003DAC4A /* ScannerView.swift in Sources */,
				9DE65C8B2916201100804F13 /* PullToRefreshViewDemo.swift in Sources */,
				9D64370F292F978A0074261A /* Intents.intentdefinition in Sources */,
				9DE65C6B2912CB9200804F13 /* DateExtension.swift in Sources */,
				9D9D0AD42930D7E500605056 /* AwesomeWidget.intentdefinition in Sources */,
				9DA605A1291FA10500EFFA1D /* StatusBarStyleEnvironment.swift in Sources */,
				9DE65C532911495800804F13 /* ProjectList.swift in Sources */,
				9DA6059F291F516400EFFA1D /* SectionListView.swift in Sources */,
				9DDD6909291BF36F00E2CB69 /* CustomPreference.swift in Sources */,
				9DE65CBE291667BE00804F13 /* FormDemoView.swift in Sources */,
				9DE65C9F29163F6F00804F13 /* LynnRefreshState.swift in Sources */,
				9DE65CA029163F6F00804F13 /* LynnPullToRefreshModifier.swift in Sources */,
				9DDD6905291A960B00E2CB69 /* Events.swift in Sources */,
				9DE65CB129164C1D00804F13 /* ButtonDemoView.swift in Sources */,
				9D92EFE7293B185400061967 /* AlertToast.swift in Sources */,
				9D87B0A92934D3860072B307 /* SqlLiteDemoView.swift in Sources */,
				9D87B0AC2934D3D00072B307 /* TaskDataStore.swift in Sources */,
				9D92EFEA293B18A300061967 /* AlertDemoView.swift in Sources */,
				9DA6059B291F4EE600EFFA1D /* ListSampleView.swift in Sources */,
				9DB8A3972937AED2003DAC4A /* ScannerDemoView.swift in Sources */,
				9DE65CC02917E94D00804F13 /* ImmersiveView.swift in Sources */,
				9DE65C7C29156FDD00804F13 /* WhatsNewKitView.swift in Sources */,
				9D643701292E6BF20074261A /* LaunchPhonePageDemo.swift in Sources */,
				9DB8A39029366110003DAC4A /* AudioPlayDemoView.swift in Sources */,
				9DE65C7E2916056B00804F13 /* SegmentedViewDemo.swift in Sources */,
				9DE65CB229164C1D00804F13 /* TextFieldDemoView.swift in Sources */,
				9DE65C9429162C7100804F13 /* TextDemoView.swift in Sources */,
				9D64370B292F8FC90074261A /* ShareDemoView.swift in Sources */,
				9DE65CB629164C1D00804F13 /* PopupDemoView.swift in Sources */,
				9DE65CC42918096A00804F13 /* KeyboardAwareDemoView2.swift in Sources */,
				9DA605AA2920F76400EFFA1D /* KV.swift in Sources */,
				9DDD6912291BFF5600E2CB69 /* KeyboardAwareDemo3.swift in Sources */,
				9DE65C6E29135B9400804F13 /* R.generated.swift in Sources */,
				9D9D0AE929335E7700605056 /* FileDemoView.swift in Sources */,
				9D643703292E76980074261A /* MailView.swift in Sources */,
				9DE65CC22917F38800804F13 /* KeyboardAwareDemoView.swift in Sources */,
				9D92EFE6293B185400061967 /* BlurView.swift in Sources */,
				9DE65CB429164C1D00804F13 /* AnimationDemoView.swift in Sources */,
				9D6437112930BD510074261A /* ChangeIconDemoView.swift in Sources */,
				9DE65CB529164C1D00804F13 /* ImageDemoView.swift in Sources */,
				9DA605A52920F17700EFFA1D /* AppPermisions.swift in Sources */,
				9DE65CB729164C1D00804F13 /* TabDemoView.swift in Sources */,
				9D6436FD292E51090074261A /* ThemeDemoView.swift in Sources */,
				9D6436FB292C7CBA0074261A /* LottieView.swift in Sources */,
				9DDD690E291BFC1500E2CB69 /* EnvironmentDemoView.swift in Sources */,
				9DE65CB329164C1D00804F13 /* LayoutDemoView.swift in Sources */,
				9DE65C5529116DDF00804F13 /* Project.swift in Sources */,
				9DE65CA129163F6F00804F13 /* LynnPullToRefresh.swift in Sources */,
				9DDD6907291B897900E2CB69 /* KeyboardReadable.swift in Sources */,
				9DB8A39B293847A2003DAC4A /* TextRecognition.swift in Sources */,
				9D4D229329102714006E0075 /* AwesomeSwift.xcdatamodeld in Sources */,
				9DA605AE29213EC700EFFA1D /* SwipeListView.swift in Sources */,
				9DE65CBC29164C1D00804F13 /* TabPageDemoView.swift in Sources */,
				9DA605AC2920FBF600EFFA1D /* AppInfoUtils.swift in Sources */,
			);
			runOnlyForDeploymentPostprocessing = 0;
		};
		9D4D229429102714006E0075 /* Sources */ = {
			isa = PBXSourcesBuildPhase;
			buildActionMask = 2147483647;
			files = (
				9D4D229D29102714006E0075 /* AwesomeSwiftTests.swift in Sources */,
			);
			runOnlyForDeploymentPostprocessing = 0;
		};
		9D4D229E29102714006E0075 /* Sources */ = {
			isa = PBXSourcesBuildPhase;
			buildActionMask = 2147483647;
			files = (
				9D4D22A929102714006E0075 /* AwesomeSwiftUITestsLaunchTests.swift in Sources */,
				9D4D22A729102714006E0075 /* AwesomeSwiftUITests.swift in Sources */,
			);
			runOnlyForDeploymentPostprocessing = 0;
		};
		9D9D0AC32930D7E300605056 /* Sources */ = {
			isa = PBXSourcesBuildPhase;
			buildActionMask = 2147483647;
			files = (
				9D9D0AE42932238500605056 /* CountdownWidget.swift in Sources */,
				9D9D0AE12932186100605056 /* MainWidget.swift in Sources */,
				9D9D0AD32930D7E500605056 /* AwesomeWidget.intentdefinition in Sources */,
				9D9D0ACE2930D7E300605056 /* AwesomeWidget.swift in Sources */,
				9D9D0AE02932185A00605056 /* ClockWidget.swift in Sources */,
				9D9D0AE7293248BB00605056 /* TimerWidget.swift in Sources */,
			);
			runOnlyForDeploymentPostprocessing = 0;
		};
/* End PBXSourcesBuildPhase section */

/* Begin PBXTargetDependency section */
		9D4D229A29102714006E0075 /* PBXTargetDependency */ = {
			isa = PBXTargetDependency;
			target = 9D4D228229102713006E0075 /* AwesomeSwift */;
			targetProxy = 9D4D229929102714006E0075 /* PBXContainerItemProxy */;
		};
		9D4D22A429102714006E0075 /* PBXTargetDependency */ = {
			isa = PBXTargetDependency;
			target = 9D4D228229102713006E0075 /* AwesomeSwift */;
			targetProxy = 9D4D22A329102714006E0075 /* PBXContainerItemProxy */;
		};
		9D9D0AD62930D7E500605056 /* PBXTargetDependency */ = {
			isa = PBXTargetDependency;
			target = 9D9D0AC62930D7E300605056 /* AwesomeWidgetExtension */;
			targetProxy = 9D9D0AD52930D7E500605056 /* PBXContainerItemProxy */;
		};
/* End PBXTargetDependency section */

/* Begin PBXVariantGroup section */
		9DE65C632912BD3200804F13 /* Localizable.strings */ = {
			isa = PBXVariantGroup;
			children = (
				9DE65C642912BD3200804F13 /* zh-Hans */,
				9DE65C652912BD3200804F13 /* en */,
			);
			name = Localizable.strings;
			sourceTree = "<group>";
		};
/* End PBXVariantGroup section */

/* Begin XCBuildConfiguration section */
		9D4D22AA29102714006E0075 /* Debug */ = {
			isa = XCBuildConfiguration;
			buildSettings = {
				ALWAYS_SEARCH_USER_PATHS = NO;
				CLANG_ANALYZER_NONNULL = YES;
				CLANG_ANALYZER_NUMBER_OBJECT_CONVERSION = YES_AGGRESSIVE;
				CLANG_CXX_LANGUAGE_STANDARD = "gnu++20";
				CLANG_ENABLE_MODULES = YES;
				CLANG_ENABLE_OBJC_ARC = YES;
				CLANG_ENABLE_OBJC_WEAK = YES;
				CLANG_WARN_BLOCK_CAPTURE_AUTORELEASING = YES;
				CLANG_WARN_BOOL_CONVERSION = YES;
				CLANG_WARN_COMMA = YES;
				CLANG_WARN_CONSTANT_CONVERSION = YES;
				CLANG_WARN_DEPRECATED_OBJC_IMPLEMENTATIONS = YES;
				CLANG_WARN_DIRECT_OBJC_ISA_USAGE = YES_ERROR;
				CLANG_WARN_DOCUMENTATION_COMMENTS = YES;
				CLANG_WARN_EMPTY_BODY = YES;
				CLANG_WARN_ENUM_CONVERSION = YES;
				CLANG_WARN_INFINITE_RECURSION = YES;
				CLANG_WARN_INT_CONVERSION = YES;
				CLANG_WARN_NON_LITERAL_NULL_CONVERSION = YES;
				CLANG_WARN_OBJC_IMPLICIT_RETAIN_SELF = YES;
				CLANG_WARN_OBJC_LITERAL_CONVERSION = YES;
				CLANG_WARN_OBJC_ROOT_CLASS = YES_ERROR;
				CLANG_WARN_QUOTED_INCLUDE_IN_FRAMEWORK_HEADER = YES;
				CLANG_WARN_RANGE_LOOP_ANALYSIS = YES;
				CLANG_WARN_STRICT_PROTOTYPES = YES;
				CLANG_WARN_SUSPICIOUS_MOVE = YES;
				CLANG_WARN_UNGUARDED_AVAILABILITY = YES_AGGRESSIVE;
				CLANG_WARN_UNREACHABLE_CODE = YES;
				CLANG_WARN__DUPLICATE_METHOD_MATCH = YES;
				COPY_PHASE_STRIP = NO;
				DEBUG_INFORMATION_FORMAT = dwarf;
				ENABLE_STRICT_OBJC_MSGSEND = YES;
				ENABLE_TESTABILITY = YES;
				GCC_C_LANGUAGE_STANDARD = gnu11;
				GCC_DYNAMIC_NO_PIC = NO;
				GCC_NO_COMMON_BLOCKS = YES;
				GCC_OPTIMIZATION_LEVEL = 0;
				GCC_PREPROCESSOR_DEFINITIONS = (
					"DEBUG=1",
					"$(inherited)",
				);
				GCC_WARN_64_TO_32_BIT_CONVERSION = YES;
				GCC_WARN_ABOUT_RETURN_TYPE = YES_ERROR;
				GCC_WARN_UNDECLARED_SELECTOR = YES;
				GCC_WARN_UNINITIALIZED_AUTOS = YES_AGGRESSIVE;
				GCC_WARN_UNUSED_FUNCTION = YES;
				GCC_WARN_UNUSED_VARIABLE = YES;
				IPHONEOS_DEPLOYMENT_TARGET = 14.0;
				MTL_ENABLE_DEBUG_INFO = INCLUDE_SOURCE;
				MTL_FAST_MATH = YES;
				ONLY_ACTIVE_ARCH = YES;
				SDKROOT = iphoneos;
				SWIFT_ACTIVE_COMPILATION_CONDITIONS = DEBUG;
				SWIFT_OPTIMIZATION_LEVEL = "-Onone";
			};
			name = Debug;
		};
		9D4D22AB29102714006E0075 /* Release */ = {
			isa = XCBuildConfiguration;
			buildSettings = {
				ALWAYS_SEARCH_USER_PATHS = NO;
				CLANG_ANALYZER_NONNULL = YES;
				CLANG_ANALYZER_NUMBER_OBJECT_CONVERSION = YES_AGGRESSIVE;
				CLANG_CXX_LANGUAGE_STANDARD = "gnu++20";
				CLANG_ENABLE_MODULES = YES;
				CLANG_ENABLE_OBJC_ARC = YES;
				CLANG_ENABLE_OBJC_WEAK = YES;
				CLANG_WARN_BLOCK_CAPTURE_AUTORELEASING = YES;
				CLANG_WARN_BOOL_CONVERSION = YES;
				CLANG_WARN_COMMA = YES;
				CLANG_WARN_CONSTANT_CONVERSION = YES;
				CLANG_WARN_DEPRECATED_OBJC_IMPLEMENTATIONS = YES;
				CLANG_WARN_DIRECT_OBJC_ISA_USAGE = YES_ERROR;
				CLANG_WARN_DOCUMENTATION_COMMENTS = YES;
				CLANG_WARN_EMPTY_BODY = YES;
				CLANG_WARN_ENUM_CONVERSION = YES;
				CLANG_WARN_INFINITE_RECURSION = YES;
				CLANG_WARN_INT_CONVERSION = YES;
				CLANG_WARN_NON_LITERAL_NULL_CONVERSION = YES;
				CLANG_WARN_OBJC_IMPLICIT_RETAIN_SELF = YES;
				CLANG_WARN_OBJC_LITERAL_CONVERSION = YES;
				CLANG_WARN_OBJC_ROOT_CLASS = YES_ERROR;
				CLANG_WARN_QUOTED_INCLUDE_IN_FRAMEWORK_HEADER = YES;
				CLANG_WARN_RANGE_LOOP_ANALYSIS = YES;
				CLANG_WARN_STRICT_PROTOTYPES = YES;
				CLANG_WARN_SUSPICIOUS_MOVE = YES;
				CLANG_WARN_UNGUARDED_AVAILABILITY = YES_AGGRESSIVE;
				CLANG_WARN_UNREACHABLE_CODE = YES;
				CLANG_WARN__DUPLICATE_METHOD_MATCH = YES;
				COPY_PHASE_STRIP = NO;
				DEBUG_INFORMATION_FORMAT = "dwarf-with-dsym";
				ENABLE_NS_ASSERTIONS = NO;
				ENABLE_STRICT_OBJC_MSGSEND = YES;
				GCC_C_LANGUAGE_STANDARD = gnu11;
				GCC_NO_COMMON_BLOCKS = YES;
				GCC_WARN_64_TO_32_BIT_CONVERSION = YES;
				GCC_WARN_ABOUT_RETURN_TYPE = YES_ERROR;
				GCC_WARN_UNDECLARED_SELECTOR = YES;
				GCC_WARN_UNINITIALIZED_AUTOS = YES_AGGRESSIVE;
				GCC_WARN_UNUSED_FUNCTION = YES;
				GCC_WARN_UNUSED_VARIABLE = YES;
				IPHONEOS_DEPLOYMENT_TARGET = 14.0;
				MTL_ENABLE_DEBUG_INFO = NO;
				MTL_FAST_MATH = YES;
				SDKROOT = iphoneos;
				SWIFT_COMPILATION_MODE = wholemodule;
				SWIFT_OPTIMIZATION_LEVEL = "-O";
				VALIDATE_PRODUCT = YES;
			};
			name = Release;
		};
		9D4D22AD29102714006E0075 /* Debug */ = {
			isa = XCBuildConfiguration;
			baseConfigurationReference = D97B031A2C8DA6B18B475D85 /* Pods-AwesomeSwift.debug.xcconfig */;
			buildSettings = {
				ALWAYS_EMBED_SWIFT_STANDARD_LIBRARIES = YES;
				ASSETCATALOG_COMPILER_APPICON_NAME = AppIcon;
				ASSETCATALOG_COMPILER_GLOBAL_ACCENT_COLOR_NAME = AccentColor;
				CODE_SIGN_STYLE = Automatic;
				CURRENT_PROJECT_VERSION = 1;
				DEBUG_INFORMATION_FORMAT = "dwarf-with-dsym";
				DEVELOPMENT_ASSET_PATHS = "\"AwesomeSwift/Preview Content\"";
				DEVELOPMENT_TEAM = CDVB26QGK3;
				ENABLE_PREVIEWS = YES;
				GENERATE_INFOPLIST_FILE = YES;
				INFOPLIST_FILE = AwesomeSwift/Info.plist;
				INFOPLIST_KEY_NSCameraUsageDescription = "I need camera!";
				INFOPLIST_KEY_NSContactsUsageDescription = "We need this to make a contact test.";
				INFOPLIST_KEY_NSLocationUsageDescription = "We need this to make a location test.";
				INFOPLIST_KEY_NSPhotoLibraryUsageDescription = "I damn nned it";
				INFOPLIST_KEY_UIApplicationSceneManifest_Generation = YES;
				INFOPLIST_KEY_UIApplicationSupportsIndirectInputEvents = YES;
				INFOPLIST_KEY_UILaunchScreen_Generation = YES;
				INFOPLIST_KEY_UIStatusBarStyle = "";
				INFOPLIST_KEY_UISupportedInterfaceOrientations = UIInterfaceOrientationPortrait;
				IPHONEOS_DEPLOYMENT_TARGET = 14.0;
				LD_RUNPATH_SEARCH_PATHS = (
					"$(inherited)",
					"@executable_path/Frameworks",
				);
				MARKETING_VERSION = 1.0;
				PRODUCT_BUNDLE_IDENTIFIER = me.shouheng.AwesomeSwift;
				PRODUCT_NAME = "$(TARGET_NAME)";
				SWIFT_EMIT_LOC_STRINGS = YES;
				SWIFT_VERSION = 5.0;
				TARGETED_DEVICE_FAMILY = "1,2";
			};
			name = Debug;
		};
		9D4D22AE29102714006E0075 /* Release */ = {
			isa = XCBuildConfiguration;
			baseConfigurationReference = 2D9DFFE19ED7BC4AEDC509FA /* Pods-AwesomeSwift.release.xcconfig */;
			buildSettings = {
				ALWAYS_EMBED_SWIFT_STANDARD_LIBRARIES = YES;
				ASSETCATALOG_COMPILER_APPICON_NAME = AppIcon;
				ASSETCATALOG_COMPILER_GLOBAL_ACCENT_COLOR_NAME = AccentColor;
				CODE_SIGN_STYLE = Automatic;
				CURRENT_PROJECT_VERSION = 1;
				DEVELOPMENT_ASSET_PATHS = "\"AwesomeSwift/Preview Content\"";
				DEVELOPMENT_TEAM = CDVB26QGK3;
				ENABLE_PREVIEWS = YES;
				GENERATE_INFOPLIST_FILE = YES;
				INFOPLIST_FILE = AwesomeSwift/Info.plist;
				INFOPLIST_KEY_NSCameraUsageDescription = "I need camera!";
				INFOPLIST_KEY_NSContactsUsageDescription = "We need this to make a contact test.";
				INFOPLIST_KEY_NSLocationUsageDescription = "We need this to make a location test.";
				INFOPLIST_KEY_NSPhotoLibraryUsageDescription = "I damn nned it";
				INFOPLIST_KEY_UIApplicationSceneManifest_Generation = YES;
				INFOPLIST_KEY_UIApplicationSupportsIndirectInputEvents = YES;
				INFOPLIST_KEY_UILaunchScreen_Generation = YES;
				INFOPLIST_KEY_UIStatusBarStyle = "";
				INFOPLIST_KEY_UISupportedInterfaceOrientations = UIInterfaceOrientationPortrait;
				IPHONEOS_DEPLOYMENT_TARGET = 14.0;
				LD_RUNPATH_SEARCH_PATHS = (
					"$(inherited)",
					"@executable_path/Frameworks",
				);
				MARKETING_VERSION = 1.0;
				PRODUCT_BUNDLE_IDENTIFIER = me.shouheng.AwesomeSwift;
				PRODUCT_NAME = "$(TARGET_NAME)";
				SWIFT_EMIT_LOC_STRINGS = YES;
				SWIFT_VERSION = 5.0;
				TARGETED_DEVICE_FAMILY = "1,2";
			};
			name = Release;
		};
		9D4D22B029102714006E0075 /* Debug */ = {
			isa = XCBuildConfiguration;
			buildSettings = {
				ALWAYS_EMBED_SWIFT_STANDARD_LIBRARIES = YES;
				BUNDLE_LOADER = "$(TEST_HOST)";
				CODE_SIGN_STYLE = Automatic;
				CURRENT_PROJECT_VERSION = 1;
				DEVELOPMENT_TEAM = CDVB26QGK3;
				GENERATE_INFOPLIST_FILE = YES;
				IPHONEOS_DEPLOYMENT_TARGET = 16.1;
				MARKETING_VERSION = 1.0;
				PRODUCT_BUNDLE_IDENTIFIER = me.shouheng.AwesomeSwiftTests;
				PRODUCT_NAME = "$(TARGET_NAME)";
				SWIFT_EMIT_LOC_STRINGS = NO;
				SWIFT_VERSION = 5.0;
				TARGETED_DEVICE_FAMILY = "1,2";
				TEST_HOST = "$(BUILT_PRODUCTS_DIR)/AwesomeSwift.app/$(BUNDLE_EXECUTABLE_FOLDER_PATH)/AwesomeSwift";
			};
			name = Debug;
		};
		9D4D22B129102714006E0075 /* Release */ = {
			isa = XCBuildConfiguration;
			buildSettings = {
				ALWAYS_EMBED_SWIFT_STANDARD_LIBRARIES = YES;
				BUNDLE_LOADER = "$(TEST_HOST)";
				CODE_SIGN_STYLE = Automatic;
				CURRENT_PROJECT_VERSION = 1;
				DEVELOPMENT_TEAM = CDVB26QGK3;
				GENERATE_INFOPLIST_FILE = YES;
				IPHONEOS_DEPLOYMENT_TARGET = 16.1;
				MARKETING_VERSION = 1.0;
				PRODUCT_BUNDLE_IDENTIFIER = me.shouheng.AwesomeSwiftTests;
				PRODUCT_NAME = "$(TARGET_NAME)";
				SWIFT_EMIT_LOC_STRINGS = NO;
				SWIFT_VERSION = 5.0;
				TARGETED_DEVICE_FAMILY = "1,2";
				TEST_HOST = "$(BUILT_PRODUCTS_DIR)/AwesomeSwift.app/$(BUNDLE_EXECUTABLE_FOLDER_PATH)/AwesomeSwift";
			};
			name = Release;
		};
		9D4D22B329102714006E0075 /* Debug */ = {
			isa = XCBuildConfiguration;
			buildSettings = {
				ALWAYS_EMBED_SWIFT_STANDARD_LIBRARIES = YES;
				CODE_SIGN_STYLE = Automatic;
				CURRENT_PROJECT_VERSION = 1;
				DEVELOPMENT_TEAM = CDVB26QGK3;
				GENERATE_INFOPLIST_FILE = YES;
				MARKETING_VERSION = 1.0;
				PRODUCT_BUNDLE_IDENTIFIER = me.shouheng.AwesomeSwiftUITests;
				PRODUCT_NAME = "$(TARGET_NAME)";
				SWIFT_EMIT_LOC_STRINGS = NO;
				SWIFT_VERSION = 5.0;
				TARGETED_DEVICE_FAMILY = "1,2";
				TEST_TARGET_NAME = AwesomeSwift;
			};
			name = Debug;
		};
		9D4D22B429102714006E0075 /* Release */ = {
			isa = XCBuildConfiguration;
			buildSettings = {
				ALWAYS_EMBED_SWIFT_STANDARD_LIBRARIES = YES;
				CODE_SIGN_STYLE = Automatic;
				CURRENT_PROJECT_VERSION = 1;
				DEVELOPMENT_TEAM = CDVB26QGK3;
				GENERATE_INFOPLIST_FILE = YES;
				MARKETING_VERSION = 1.0;
				PRODUCT_BUNDLE_IDENTIFIER = me.shouheng.AwesomeSwiftUITests;
				PRODUCT_NAME = "$(TARGET_NAME)";
				SWIFT_EMIT_LOC_STRINGS = NO;
				SWIFT_VERSION = 5.0;
				TARGETED_DEVICE_FAMILY = "1,2";
				TEST_TARGET_NAME = AwesomeSwift;
			};
			name = Release;
		};
		9D9D0AD92930D7E500605056 /* Debug */ = {
			isa = XCBuildConfiguration;
			buildSettings = {
				ASSETCATALOG_COMPILER_GLOBAL_ACCENT_COLOR_NAME = AccentColor;
				ASSETCATALOG_COMPILER_WIDGET_BACKGROUND_COLOR_NAME = WidgetBackground;
				CODE_SIGN_STYLE = Automatic;
				CURRENT_PROJECT_VERSION = 1;
				DEVELOPMENT_TEAM = CDVB26QGK3;
				GENERATE_INFOPLIST_FILE = YES;
				INFOPLIST_FILE = AwesomeWidget/Info.plist;
				INFOPLIST_KEY_CFBundleDisplayName = AwesomeWidget;
				INFOPLIST_KEY_NSHumanReadableCopyright = "";
				IPHONEOS_DEPLOYMENT_TARGET = 14.0;
				LD_RUNPATH_SEARCH_PATHS = (
					"$(inherited)",
					"@executable_path/Frameworks",
					"@executable_path/../../Frameworks",
				);
				MARKETING_VERSION = 1.0;
				PRODUCT_BUNDLE_IDENTIFIER = me.shouheng.AwesomeSwift.AwesomeWidget;
				PRODUCT_NAME = "$(TARGET_NAME)";
				SKIP_INSTALL = YES;
				SWIFT_EMIT_LOC_STRINGS = YES;
				SWIFT_VERSION = 5.0;
				TARGETED_DEVICE_FAMILY = "1,2";
			};
			name = Debug;
		};
		9D9D0ADA2930D7E500605056 /* Release */ = {
			isa = XCBuildConfiguration;
			buildSettings = {
				ASSETCATALOG_COMPILER_GLOBAL_ACCENT_COLOR_NAME = AccentColor;
				ASSETCATALOG_COMPILER_WIDGET_BACKGROUND_COLOR_NAME = WidgetBackground;
				CODE_SIGN_STYLE = Automatic;
				CURRENT_PROJECT_VERSION = 1;
				DEVELOPMENT_TEAM = CDVB26QGK3;
				GENERATE_INFOPLIST_FILE = YES;
				INFOPLIST_FILE = AwesomeWidget/Info.plist;
				INFOPLIST_KEY_CFBundleDisplayName = AwesomeWidget;
				INFOPLIST_KEY_NSHumanReadableCopyright = "";
				IPHONEOS_DEPLOYMENT_TARGET = 14.0;
				LD_RUNPATH_SEARCH_PATHS = (
					"$(inherited)",
					"@executable_path/Frameworks",
					"@executable_path/../../Frameworks",
				);
				MARKETING_VERSION = 1.0;
				PRODUCT_BUNDLE_IDENTIFIER = me.shouheng.AwesomeSwift.AwesomeWidget;
				PRODUCT_NAME = "$(TARGET_NAME)";
				SKIP_INSTALL = YES;
				SWIFT_EMIT_LOC_STRINGS = YES;
				SWIFT_VERSION = 5.0;
				TARGETED_DEVICE_FAMILY = "1,2";
			};
			name = Release;
		};
/* End XCBuildConfiguration section */

/* Begin XCConfigurationList section */
		9D4D227E29102712006E0075 /* Build configuration list for PBXProject "AwesomeSwift" */ = {
			isa = XCConfigurationList;
			buildConfigurations = (
				9D4D22AA29102714006E0075 /* Debug */,
				9D4D22AB29102714006E0075 /* Release */,
			);
			defaultConfigurationIsVisible = 0;
			defaultConfigurationName = Release;
		};
		9D4D22AC29102714006E0075 /* Build configuration list for PBXNativeTarget "AwesomeSwift" */ = {
			isa = XCConfigurationList;
			buildConfigurations = (
				9D4D22AD29102714006E0075 /* Debug */,
				9D4D22AE29102714006E0075 /* Release */,
			);
			defaultConfigurationIsVisible = 0;
			defaultConfigurationName = Release;
		};
		9D4D22AF29102714006E0075 /* Build configuration list for PBXNativeTarget "AwesomeSwiftTests" */ = {
			isa = XCConfigurationList;
			buildConfigurations = (
				9D4D22B029102714006E0075 /* Debug */,
				9D4D22B129102714006E0075 /* Release */,
			);
			defaultConfigurationIsVisible = 0;
			defaultConfigurationName = Release;
		};
		9D4D22B229102714006E0075 /* Build configuration list for PBXNativeTarget "AwesomeSwiftUITests" */ = {
			isa = XCConfigurationList;
			buildConfigurations = (
				9D4D22B329102714006E0075 /* Debug */,
				9D4D22B429102714006E0075 /* Release */,
			);
			defaultConfigurationIsVisible = 0;
			defaultConfigurationName = Release;
		};
		9D9D0ADB2930D7E500605056 /* Build configuration list for PBXNativeTarget "AwesomeWidgetExtension" */ = {
			isa = XCConfigurationList;
			buildConfigurations = (
				9D9D0AD92930D7E500605056 /* Debug */,
				9D9D0ADA2930D7E500605056 /* Release */,
			);
			defaultConfigurationIsVisible = 0;
			defaultConfigurationName = Release;
		};
/* End XCConfigurationList section */

/* Begin XCRemoteSwiftPackageReference section */
		9D87B0A32934C8270072B307 /* XCRemoteSwiftPackageReference "firebase-ios-sdk" */ = {
			isa = XCRemoteSwiftPackageReference;
			repositoryURL = "https://github.com/firebase/firebase-ios-sdk";
			requirement = {
				kind = upToNextMajorVersion;
				minimumVersion = 9.0.0;
			};
		};
		9DE65C78291512FA00804F13 /* XCRemoteSwiftPackageReference "WhatsNewKit" */ = {
			isa = XCRemoteSwiftPackageReference;
			repositoryURL = "https://github.com/SvenTiigi/WhatsNewKit";
			requirement = {
				kind = upToNextMajorVersion;
				minimumVersion = 2.0.0;
			};
		};
/* End XCRemoteSwiftPackageReference section */

/* Begin XCSwiftPackageProductDependency section */
		9D87B0A42934C8270072B307 /* FirebaseCrashlytics */ = {
			isa = XCSwiftPackageProductDependency;
			package = 9D87B0A32934C8270072B307 /* XCRemoteSwiftPackageReference "firebase-ios-sdk" */;
			productName = FirebaseCrashlytics;
		};
		9DE65C79291512FA00804F13 /* WhatsNewKit */ = {
			isa = XCSwiftPackageProductDependency;
			package = 9DE65C78291512FA00804F13 /* XCRemoteSwiftPackageReference "WhatsNewKit" */;
			productName = WhatsNewKit;
		};
/* End XCSwiftPackageProductDependency section */

/* Begin XCVersionGroup section */
		9D4D229129102714006E0075 /* AwesomeSwift.xcdatamodeld */ = {
			isa = XCVersionGroup;
			children = (
				9D4D229229102714006E0075 /* AwesomeSwift.xcdatamodel */,
			);
			currentVersion = 9D4D229229102714006E0075 /* AwesomeSwift.xcdatamodel */;
			path = AwesomeSwift.xcdatamodeld;
			sourceTree = "<group>";
			versionGroupType = wrapper.xcdatamodel;
		};
/* End XCVersionGroup section */
	};
	rootObject = 9D4D227B29102712006E0075 /* Project object */;
}
